// !$*UTF8*$!
{
	archiveVersion = 1;
	classes = {
	};
	objectVersion = 48;
	objects = {

/* Begin PBXBuildFile section */
		0F60E9BD1FC2754300C5E113 /* AppDelegate.m in Sources */ = {isa = PBXBuildFile; fileRef = 0F60E9BC1FC2754300C5E113 /* AppDelegate.m */; };
		0F60E9C01FC2754300C5E113 /* ViewController.m in Sources */ = {isa = PBXBuildFile; fileRef = 0F60E9BF1FC2754300C5E113 /* ViewController.m */; };
		0F60E9C31FC2754300C5E113 /* Main.storyboard in Resources */ = {isa = PBXBuildFile; fileRef = 0F60E9C11FC2754300C5E113 /* Main.storyboard */; };
		0F60E9C51FC2754300C5E113 /* Assets.xcassets in Resources */ = {isa = PBXBuildFile; fileRef = 0F60E9C41FC2754300C5E113 /* Assets.xcassets */; };
		0F60E9C81FC2754300C5E113 /* LaunchScreen.storyboard in Resources */ = {isa = PBXBuildFile; fileRef = 0F60E9C61FC2754300C5E113 /* LaunchScreen.storyboard */; };
		0F60E9CB1FC2754300C5E113 /* main.m in Sources */ = {isa = PBXBuildFile; fileRef = 0F60E9CA1FC2754300C5E113 /* main.m */; };
		0F60E9D51FC2754300C5E113 /* lingzhiTests.m in Sources */ = {isa = PBXBuildFile; fileRef = 0F60E9D41FC2754300C5E113 /* lingzhiTests.m */; };
		0F60E9E01FC2754300C5E113 /* lingzhiUITests.m in Sources */ = {isa = PBXBuildFile; fileRef = 0F60E9DF1FC2754300C5E113 /* lingzhiUITests.m */; };
/* End PBXBuildFile section */

/* Begin PBXContainerItemProxy section */
		0F60E9D11FC2754300C5E113 /* PBXContainerItemProxy */ = {
			isa = PBXContainerItemProxy;
			containerPortal = 0F60E9B01FC2754300C5E113 /* Project object */;
			proxyType = 1;
			remoteGlobalIDString = 0F60E9B71FC2754300C5E113;
			remoteInfo = lingzhi;
		};
		0F60E9DC1FC2754300C5E113 /* PBXContainerItemProxy */ = {
			isa = PBXContainerItemProxy;
			containerPortal = 0F60E9B01FC2754300C5E113 /* Project object */;
			proxyType = 1;
			remoteGlobalIDString = 0F60E9B71FC2754300C5E113;
			remoteInfo = lingzhi;
		};
/* End PBXContainerItemProxy section */

/* Begin PBXFileReference section */
		0F60E9B81FC2754300C5E113 /* lingzhi.app */ = {isa = PBXFileReference; explicitFileType = wrapper.application; includeInIndex = 0; path = lingzhi.app; sourceTree = BUILT_PRODUCTS_DIR; };
		0F60E9BB1FC2754300C5E113 /* AppDelegate.h */ = {isa = PBXFileReference; lastKnownFileType = sourcecode.c.h; path = AppDelegate.h; sourceTree = "<group>"; };
		0F60E9BC1FC2754300C5E113 /* AppDelegate.m */ = {isa = PBXFileReference; lastKnownFileType = sourcecode.c.objc; path = AppDelegate.m; sourceTree = "<group>"; };
		0F60E9BE1FC2754300C5E113 /* ViewController.h */ = {isa = PBXFileReference; lastKnownFileType = sourcecode.c.h; path = ViewController.h; sourceTree = "<group>"; };
		0F60E9BF1FC2754300C5E113 /* ViewController.m */ = {isa = PBXFileReference; lastKnownFileType = sourcecode.c.objc; path = ViewController.m; sourceTree = "<group>"; };
		0F60E9C21FC2754300C5E113 /* Base */ = {isa = PBXFileReference; lastKnownFileType = file.storyboard; name = Base; path = Base.lproj/Main.storyboard; sourceTree = "<group>"; };
		0F60E9C41FC2754300C5E113 /* Assets.xcassets */ = {isa = PBXFileReference; lastKnownFileType = folder.assetcatalog; path = Assets.xcassets; sourceTree = "<group>"; };
		0F60E9C71FC2754300C5E113 /* Base */ = {isa = PBXFileReference; lastKnownFileType = file.storyboard; name = Base; path = Base.lproj/LaunchScreen.storyboard; sourceTree = "<group>"; };
		0F60E9C91FC2754300C5E113 /* Info.plist */ = {isa = PBXFileReference; lastKnownFileType = text.plist.xml; path = Info.plist; sourceTree = "<group>"; };
		0F60E9CA1FC2754300C5E113 /* main.m */ = {isa = PBXFileReference; lastKnownFileType = sourcecode.c.objc; path = main.m; sourceTree = "<group>"; };
		0F60E9D01FC2754300C5E113 /* lingzhiTests.xctest */ = {isa = PBXFileReference; explicitFileType = wrapper.cfbundle; includeInIndex = 0; path = lingzhiTests.xctest; sourceTree = BUILT_PRODUCTS_DIR; };
		0F60E9D41FC2754300C5E113 /* lingzhiTests.m */ = {isa = PBXFileReference; lastKnownFileType = sourcecode.c.objc; path = lingzhiTests.m; sourceTree = "<group>"; };
		0F60E9D61FC2754300C5E113 /* Info.plist */ = {isa = PBXFileReference; lastKnownFileType = text.plist.xml; path = Info.plist; sourceTree = "<group>"; };
		0F60E9DB1FC2754300C5E113 /* lingzhiUITests.xctest */ = {isa = PBXFileReference; explicitFileType = wrapper.cfbundle; includeInIndex = 0; path = lingzhiUITests.xctest; sourceTree = BUILT_PRODUCTS_DIR; };
		0F60E9DF1FC2754300C5E113 /* lingzhiUITests.m */ = {isa = PBXFileReference; lastKnownFileType = sourcecode.c.objc; path = lingzhiUITests.m; sourceTree = "<group>"; };
		0F60E9E11FC2754300C5E113 /* Info.plist */ = {isa = PBXFileReference; lastKnownFileType = text.plist.xml; path = Info.plist; sourceTree = "<group>"; };
/* End PBXFileReference section */

/* Begin PBXFrameworksBuildPhase section */
		0F60E9B51FC2754300C5E113 /* Frameworks */ = {
			isa = PBXFrameworksBuildPhase;
			buildActionMask = 2147483647;
			files = (
			);
			runOnlyForDeploymentPostprocessing = 0;
		};
		0F60E9CD1FC2754300C5E113 /* Frameworks */ = {
			isa = PBXFrameworksBuildPhase;
			buildActionMask = 2147483647;
			files = (
			);
			runOnlyForDeploymentPostprocessing = 0;
		};
		0F60E9D81FC2754300C5E113 /* Frameworks */ = {
			isa = PBXFrameworksBuildPhase;
			buildActionMask = 2147483647;
			files = (
			);
			runOnlyForDeploymentPostprocessing = 0;
		};
/* End PBXFrameworksBuildPhase section */

/* Begin PBXGroup section */
		0F60E9AF1FC2754300C5E113 = {
			isa = PBXGroup;
			children = (
				0F60E9BA1FC2754300C5E113 /* lingzhi */,
				0F60E9D31FC2754300C5E113 /* lingzhiTests */,
				0F60E9DE1FC2754300C5E113 /* lingzhiUITests */,
				0F60E9B91FC2754300C5E113 /* Products */,
			);
			sourceTree = "<group>";
		};
		0F60E9B91FC2754300C5E113 /* Products */ = {
			isa = PBXGroup;
			children = (
				0F60E9B81FC2754300C5E113 /* lingzhi.app */,
				0F60E9D01FC2754300C5E113 /* lingzhiTests.xctest */,
				0F60E9DB1FC2754300C5E113 /* lingzhiUITests.xctest */,
			);
			name = Products;
			sourceTree = "<group>";
		};
		0F60E9BA1FC2754300C5E113 /* lingzhi */ = {
			isa = PBXGroup;
			children = (
				0F60E9BB1FC2754300C5E113 /* AppDelegate.h */,
				0F60E9BC1FC2754300C5E113 /* AppDelegate.m */,
				0F60E9BE1FC2754300C5E113 /* ViewController.h */,
				0F60E9BF1FC2754300C5E113 /* ViewController.m */,
				0F60E9C11FC2754300C5E113 /* Main.storyboard */,
				0F60E9C41FC2754300C5E113 /* Assets.xcassets */,
				0F60E9C61FC2754300C5E113 /* LaunchScreen.storyboard */,
				0F60E9C91FC2754300C5E113 /* Info.plist */,
				0F60E9CA1FC2754300C5E113 /* main.m */,
			);
			path = lingzhi;
			sourceTree = "<group>";
		};
		0F60E9D31FC2754300C5E113 /* lingzhiTests */ = {
			isa = PBXGroup;
			children = (
				0F60E9D41FC2754300C5E113 /* lingzhiTests.m */,
				0F60E9D61FC2754300C5E113 /* Info.plist */,
			);
			path = lingzhiTests;
			sourceTree = "<group>";
		};
		0F60E9DE1FC2754300C5E113 /* lingzhiUITests */ = {
			isa = PBXGroup;
			children = (
				0F60E9DF1FC2754300C5E113 /* lingzhiUITests.m */,
				0F60E9E11FC2754300C5E113 /* Info.plist */,
			);
			path = lingzhiUITests;
			sourceTree = "<group>";
		};
/* End PBXGroup section */

/* Begin PBXNativeTarget section */
		0F60E9B71FC2754300C5E113 /* lingzhi */ = {
			isa = PBXNativeTarget;
			buildConfigurationList = 0F60E9E41FC2754300C5E113 /* Build configuration list for PBXNativeTarget "lingzhi" */;
			buildPhases = (
				0F60E9B41FC2754300C5E113 /* Sources */,
				0F60E9B51FC2754300C5E113 /* Frameworks */,
				0F60E9B61FC2754300C5E113 /* Resources */,
			);
			buildRules = (
			);
			dependencies = (
			);
			name = lingzhi;
			productName = lingzhi;
			productReference = 0F60E9B81FC2754300C5E113 /* lingzhi.app */;
			productType = "com.apple.product-type.application";
		};
		0F60E9CF1FC2754300C5E113 /* lingzhiTests */ = {
			isa = PBXNativeTarget;
			buildConfigurationList = 0F60E9E71FC2754300C5E113 /* Build configuration list for PBXNativeTarget "lingzhiTests" */;
			buildPhases = (
				0F60E9CC1FC2754300C5E113 /* Sources */,
				0F60E9CD1FC2754300C5E113 /* Frameworks */,
				0F60E9CE1FC2754300C5E113 /* Resources */,
			);
			buildRules = (
			);
			dependencies = (
				0F60E9D21FC2754300C5E113 /* PBXTargetDependency */,
			);
			name = lingzhiTests;
			productName = lingzhiTests;
			productReference = 0F60E9D01FC2754300C5E113 /* lingzhiTests.xctest */;
			productType = "com.apple.product-type.bundle.unit-test";
		};
		0F60E9DA1FC2754300C5E113 /* lingzhiUITests */ = {
			isa = PBXNativeTarget;
			buildConfigurationList = 0F60E9EA1FC2754300C5E113 /* Build configuration list for PBXNativeTarget "lingzhiUITests" */;
			buildPhases = (
				0F60E9D71FC2754300C5E113 /* Sources */,
				0F60E9D81FC2754300C5E113 /* Frameworks */,
				0F60E9D91FC2754300C5E113 /* Resources */,
			);
			buildRules = (
			);
			dependencies = (
				0F60E9DD1FC2754300C5E113 /* PBXTargetDependency */,
			);
			name = lingzhiUITests;
			productName = lingzhiUITests;
			productReference = 0F60E9DB1FC2754300C5E113 /* lingzhiUITests.xctest */;
			productType = "com.apple.product-type.bundle.ui-testing";
		};
/* End PBXNativeTarget section */

/* Begin PBXProject section */
		0F60E9B01FC2754300C5E113 /* Project object */ = {
			isa = PBXProject;
			attributes = {
				LastUpgradeCheck = 0900;
				ORGANIZATIONNAME = com.lingzhi;
				TargetAttributes = {
					0F60E9B71FC2754300C5E113 = {
						CreatedOnToolsVersion = 9.0;
						ProvisioningStyle = Automatic;
					};
					0F60E9CF1FC2754300C5E113 = {
						CreatedOnToolsVersion = 9.0;
						ProvisioningStyle = Automatic;
						TestTargetID = 0F60E9B71FC2754300C5E113;
					};
					0F60E9DA1FC2754300C5E113 = {
						CreatedOnToolsVersion = 9.0;
						ProvisioningStyle = Automatic;
						TestTargetID = 0F60E9B71FC2754300C5E113;
					};
				};
			};
			buildConfigurationList = 0F60E9B31FC2754300C5E113 /* Build configuration list for PBXProject "lingzhi" */;
			compatibilityVersion = "Xcode 8.0";
			developmentRegion = en;
			hasScannedForEncodings = 0;
			knownRegions = (
				en,
				Base,
			);
			mainGroup = 0F60E9AF1FC2754300C5E113;
			productRefGroup = 0F60E9B91FC2754300C5E113 /* Products */;
			projectDirPath = "";
			projectRoot = "";
			targets = (
				0F60E9B71FC2754300C5E113 /* lingzhi */,
				0F60E9CF1FC2754300C5E113 /* lingzhiTests */,
				0F60E9DA1FC2754300C5E113 /* lingzhiUITests */,
			);
		};
/* End PBXProject section */

/* Begin PBXResourcesBuildPhase section */
		0F60E9B61FC2754300C5E113 /* Resources */ = {
			isa = PBXResourcesBuildPhase;
			buildActionMask = 2147483647;
			files = (
				0F60E9C81FC2754300C5E113 /* LaunchScreen.storyboard in Resources */,
				0F60E9C51FC2754300C5E113 /* Assets.xcassets in Resources */,
				0F60E9C31FC2754300C5E113 /* Main.storyboard in Resources */,
			);
			runOnlyForDeploymentPostprocessing = 0;
		};
		0F60E9CE1FC2754300C5E113 /* Resources */ = {
			isa = PBXResourcesBuildPhase;
			buildActionMask = 2147483647;
			files = (
			);
			runOnlyForDeploymentPostprocessing = 0;
		};
		0F60E9D91FC2754300C5E113 /* Resources */ = {
			isa = PBXResourcesBuildPhase;
			buildActionMask = 2147483647;
			files = (
			);
			runOnlyForDeploymentPostprocessing = 0;
		};
/* End PBXResourcesBuildPhase section */

/* Begin PBXSourcesBuildPhase section */
		0F60E9B41FC2754300C5E113 /* Sources */ = {
			isa = PBXSourcesBuildPhase;
			buildActionMask = 2147483647;
			files = (
				0F60E9C01FC2754300C5E113 /* ViewController.m in Sources */,
				0F60E9CB1FC2754300C5E113 /* main.m in Sources */,
				0F60E9BD1FC2754300C5E113 /* AppDelegate.m in Sources */,
			);
			runOnlyForDeploymentPostprocessing = 0;
		};
		0F60E9CC1FC2754300C5E113 /* Sources */ = {
			isa = PBXSourcesBuildPhase;
			buildActionMask = 2147483647;
			files = (
				0F60E9D51FC2754300C5E113 /* lingzhiTests.m in Sources */,
			);
			runOnlyForDeploymentPostprocessing = 0;
		};
		0F60E9D71FC2754300C5E113 /* Sources */ = {
			isa = PBXSourcesBuildPhase;
			buildActionMask = 2147483647;
			files = (
				0F60E9E01FC2754300C5E113 /* lingzhiUITests.m in Sources */,
			);
			runOnlyForDeploymentPostprocessing = 0;
		};
/* End PBXSourcesBuildPhase section */

/* Begin PBXTargetDependency section */
		0F60E9D21FC2754300C5E113 /* PBXTargetDependency */ = {
			isa = PBXTargetDependency;
			target = 0F60E9B71FC2754300C5E113 /* lingzhi */;
			targetProxy = 0F60E9D11FC2754300C5E113 /* PBXContainerItemProxy */;
		};
		0F60E9DD1FC2754300C5E113 /* PBXTargetDependency */ = {
			isa = PBXTargetDependency;
			target = 0F60E9B71FC2754300C5E113 /* lingzhi */;
			targetProxy = 0F60E9DC1FC2754300C5E113 /* PBXContainerItemProxy */;
		};
/* End PBXTargetDependency section */

/* Begin PBXVariantGroup section */
		0F60E9C11FC2754300C5E113 /* Main.storyboard */ = {
			isa = PBXVariantGroup;
			children = (
				0F60E9C21FC2754300C5E113 /* Base */,
			);
			name = Main.storyboard;
			sourceTree = "<group>";
		};
		0F60E9C61FC2754300C5E113 /* LaunchScreen.storyboard */ = {
			isa = PBXVariantGroup;
			children = (
				0F60E9C71FC2754300C5E113 /* Base */,
			);
			name = LaunchScreen.storyboard;
			sourceTree = "<group>";
		};
/* End PBXVariantGroup section */

/* Begin XCBuildConfiguration section */
		0F60E9E21FC2754300C5E113 /* Debug */ = {
			isa = XCBuildConfiguration;
			buildSettings = {
				ALWAYS_SEARCH_USER_PATHS = NO;
				CLANG_ANALYZER_NONNULL = YES;
				CLANG_ANALYZER_NUMBER_OBJECT_CONVERSION = YES_AGGRESSIVE;
				CLANG_CXX_LANGUAGE_STANDARD = "gnu++14";
				CLANG_CXX_LIBRARY = "libc++";
				CLANG_ENABLE_MODULES = YES;
				CLANG_ENABLE_OBJC_ARC = YES;
				CLANG_WARN_BLOCK_CAPTURE_AUTORELEASING = YES;
				CLANG_WARN_BOOL_CONVERSION = YES;
				CLANG_WARN_COMMA = YES;
				CLANG_WARN_CONSTANT_CONVERSION = YES;
				CLANG_WARN_DIRECT_OBJC_ISA_USAGE = YES_ERROR;
				CLANG_WARN_DOCUMENTATION_COMMENTS = YES;
				CLANG_WARN_EMPTY_BODY = YES;
				CLANG_WARN_ENUM_CONVERSION = YES;
				CLANG_WARN_INFINITE_RECURSION = YES;
				CLANG_WARN_INT_CONVERSION = YES;
				CLANG_WARN_NON_LITERAL_NULL_CONVERSION = YES;
				CLANG_WARN_OBJC_LITERAL_CONVERSION = YES;
				CLANG_WARN_OBJC_ROOT_CLASS = YES_ERROR;
				CLANG_WARN_RANGE_LOOP_ANALYSIS = YES;
				CLANG_WARN_STRICT_PROTOTYPES = YES;
				CLANG_WARN_SUSPICIOUS_MOVE = YES;
				CLANG_WARN_UNGUARDED_AVAILABILITY = YES_AGGRESSIVE;
				CLANG_WARN_UNREACHABLE_CODE = YES;
				CLANG_WARN__DUPLICATE_METHOD_MATCH = YES;
				CODE_SIGN_IDENTITY = "iPhone Developer";
				COPY_PHASE_STRIP = NO;
				DEBUG_INFORMATION_FORMAT = dwarf;
				ENABLE_STRICT_OBJC_MSGSEND = YES;
				ENABLE_TESTABILITY = YES;
				GCC_C_LANGUAGE_STANDARD = gnu11;
				GCC_DYNAMIC_NO_PIC = NO;
				GCC_NO_COMMON_BLOCKS = YES;
				GCC_OPTIMIZATION_LEVEL = 0;
				GCC_PREPROCESSOR_DEFINITIONS = (
					"DEBUG=1",
					"$(inherited)",
				);
				GCC_WARN_64_TO_32_BIT_CONVERSION = YES;
				GCC_WARN_ABOUT_RETURN_TYPE = YES_ERROR;
				GCC_WARN_UNDECLARED_SELECTOR = YES;
				GCC_WARN_UNINITIALIZED_AUTOS = YES_AGGRESSIVE;
				GCC_WARN_UNUSED_FUNCTION = YES;
				GCC_WARN_UNUSED_VARIABLE = YES;
				IPHONEOS_DEPLOYMENT_TARGET = 11.0;
				MTL_ENABLE_DEBUG_INFO = YES;
				ONLY_ACTIVE_ARCH = YES;
				SDKROOT = iphoneos;
			};
			name = Debug;
		};
		0F60E9E31FC2754300C5E113 /* Release */ = {
			isa = XCBuildConfiguration;
			buildSettings = {
				ALWAYS_SEARCH_USER_PATHS = NO;
				CLANG_ANALYZER_NONNULL = YES;
				CLANG_ANALYZER_NUMBER_OBJECT_CONVERSION = YES_AGGRESSIVE;
				CLANG_CXX_LANGUAGE_STANDARD = "gnu++14";
				CLANG_CXX_LIBRARY = "libc++";
				CLANG_ENABLE_MODULES = YES;
				CLANG_ENABLE_OBJC_ARC = YES;
				CLANG_WARN_BLOCK_CAPTURE_AUTORELEASING = YES;
				CLANG_WARN_BOOL_CONVERSION = YES;
				CLANG_WARN_COMMA = YES;
				CLANG_WARN_CONSTANT_CONVERSION = YES;
				CLANG_WARN_DIRECT_OBJC_ISA_USAGE = YES_ERROR;
				CLANG_WARN_DOCUMENTATION_COMMENTS = YES;
				CLANG_WARN_EMPTY_BODY = YES;
				CLANG_WARN_ENUM_CONVERSION = YES;
				CLANG_WARN_INFINITE_RECURSION = YES;
				CLANG_WARN_INT_CONVERSION = YES;
				CLANG_WARN_NON_LITERAL_NULL_CONVERSION = YES;
				CLANG_WARN_OBJC_LITERAL_CONVERSION = YES;
				CLANG_WARN_OBJC_ROOT_CLASS = YES_ERROR;
				CLANG_WARN_RANGE_LOOP_ANALYSIS = YES;
				CLANG_WARN_STRICT_PROTOTYPES = YES;
				CLANG_WARN_SUSPICIOUS_MOVE = YES;
				CLANG_WARN_UNGUARDED_AVAILABILITY = YES_AGGRESSIVE;
				CLANG_WARN_UNREACHABLE_CODE = YES;
				CLANG_WARN__DUPLICATE_METHOD_MATCH = YES;
				CODE_SIGN_IDENTITY = "iPhone Developer";
				COPY_PHASE_STRIP = NO;
				DEBUG_INFORMATION_FORMAT = "dwarf-with-dsym";
				ENABLE_NS_ASSERTIONS = NO;
				ENABLE_STRICT_OBJC_MSGSEND = YES;
				GCC_C_LANGUAGE_STANDARD = gnu11;
				GCC_NO_COMMON_BLOCKS = YES;
				GCC_WARN_64_TO_32_BIT_CONVERSION = YES;
				GCC_WARN_ABOUT_RETURN_TYPE = YES_ERROR;
				GCC_WARN_UNDECLARED_SELECTOR = YES;
				GCC_WARN_UNINITIALIZED_AUTOS = YES_AGGRESSIVE;
				GCC_WARN_UNUSED_FUNCTION = YES;
				GCC_WARN_UNUSED_VARIABLE = YES;
				IPHONEOS_DEPLOYMENT_TARGET = 11.0;
				MTL_ENABLE_DEBUG_INFO = NO;
				SDKROOT = iphoneos;
				VALIDATE_PRODUCT = YES;
			};
			name = Release;
		};
		0F60E9E51FC2754300C5E113 /* Debug */ = {
			isa = XCBuildConfiguration;
			buildSettings = {
				ASSETCATALOG_COMPILER_APPICON_NAME = AppIcon;
				CODE_SIGN_STYLE = Automatic;
				INFOPLIST_FILE = lingzhi/Info.plist;
				LD_RUNPATH_SEARCH_PATHS = "$(inherited) @executable_path/Frameworks";
				PRODUCT_BUNDLE_IDENTIFIER = lingzhi.lingzhi;
				PRODUCT_NAME = "$(TARGET_NAME)";
				TARGETED_DEVICE_FAMILY = "1,2";
			};
			name = Debug;
		};
		0F60E9E61FC2754300C5E113 /* Release */ = {
			isa = XCBuildConfiguration;
			buildSettings = {
				ASSETCATALOG_COMPILER_APPICON_NAME = AppIcon;
				CODE_SIGN_STYLE = Automatic;
				INFOPLIST_FILE = lingzhi/Info.plist;
				LD_RUNPATH_SEARCH_PATHS = "$(inherited) @executable_path/Frameworks";
				PRODUCT_BUNDLE_IDENTIFIER = lingzhi.lingzhi;
				PRODUCT_NAME = "$(TARGET_NAME)";
				TARGETED_DEVICE_FAMILY = "1,2";
			};
			name = Release;
		};
		0F60E9E81FC2754300C5E113 /* Debug */ = {
			isa = XCBuildConfiguration;
			buildSettings = {
				BUNDLE_LOADER = "$(TEST_HOST)";
				CODE_SIGN_STYLE = Automatic;
				INFOPLIST_FILE = lingzhiTests/Info.plist;
				LD_RUNPATH_SEARCH_PATHS = "$(inherited) @executable_path/Frameworks @loader_path/Frameworks";
				PRODUCT_BUNDLE_IDENTIFIER = lingzhi.lingzhiTests;
				PRODUCT_NAME = "$(TARGET_NAME)";
				TARGETED_DEVICE_FAMILY = "1,2";
				TEST_HOST = "$(BUILT_PRODUCTS_DIR)/lingzhi.app/lingzhi";
			};
			name = Debug;
		};
		0F60E9E91FC2754300C5E113 /* Release */ = {
			isa = XCBuildConfiguration;
			buildSettings = {
				BUNDLE_LOADER = "$(TEST_HOST)";
				CODE_SIGN_STYLE = Automatic;
				INFOPLIST_FILE = lingzhiTests/Info.plist;
				LD_RUNPATH_SEARCH_PATHS = "$(inherited) @executable_path/Frameworks @loader_path/Frameworks";
				PRODUCT_BUNDLE_IDENTIFIER = lingzhi.lingzhiTests;
				PRODUCT_NAME = "$(TARGET_NAME)";
				TARGETED_DEVICE_FAMILY = "1,2";
				TEST_HOST = "$(BUILT_PRODUCTS_DIR)/lingzhi.app/lingzhi";
			};
			name = Release;
		};
		0F60E9EB1FC2754300C5E113 /* Debug */ = {
			isa = XCBuildConfiguration;
			buildSettings = {
				CODE_SIGN_STYLE = Automatic;
				INFOPLIST_FILE = lingzhiUITests/Info.plist;
				LD_RUNPATH_SEARCH_PATHS = "$(inherited) @executable_path/Frameworks @loader_path/Frameworks";
				PRODUCT_BUNDLE_IDENTIFIER = lingzhi.lingzhiUITests;
				PRODUCT_NAME = "$(TARGET_NAME)";
				TARGETED_DEVICE_FAMILY = "1,2";
				TEST_TARGET_NAME = lingzhi;
			};
			name = Debug;
		};
		0F60E9EC1FC2754300C5E113 /* Release */ = {
			isa = XCBuildConfiguration;
			buildSettings = {
				CODE_SIGN_STYLE = Automatic;
				INFOPLIST_FILE = lingzhiUITests/Info.plist;
				LD_RUNPATH_SEARCH_PATHS = "$(inherited) @executable_path/Frameworks @loader_path/Frameworks";
				PRODUCT_BUNDLE_IDENTIFIER = lingzhi.lingzhiUITests;
				PRODUCT_NAME = "$(TARGET_NAME)";
				TARGETED_DEVICE_FAMILY = "1,2";
				TEST_TARGET_NAME = lingzhi;
			};
			name = Release;
		};
/* End XCBuildConfiguration section */

/* Begin XCConfigurationList section */
		0F60E9B31FC2754300C5E113 /* Build configuration list for PBXProject "lingzhi" */ = {
			isa = XCConfigurationList;
			buildConfigurations = (
				0F60E9E21FC2754300C5E113 /* Debug */,
				0F60E9E31FC2754300C5E113 /* Release */,
			);
			defaultConfigurationIsVisible = 0;
			defaultConfigurationName = Release;
		};
		0F60E9E41FC2754300C5E113 /* Build configuration list for PBXNativeTarget "lingzhi" */ = {
			isa = XCConfigurationList;
			buildConfigurations = (
				0F60E9E51FC2754300C5E113 /* Debug */,
				0F60E9E61FC2754300C5E113 /* Release */,
			);
			defaultConfigurationIsVisible = 0;
			defaultConfigurationName = Release;
		};
		0F60E9E71FC2754300C5E113 /* Build configuration list for PBXNativeTarget "lingzhiTests" */ = {
			isa = XCConfigurationList;
			buildConfigurations = (
				0F60E9E81FC2754300C5E113 /* Debug */,
				0F60E9E91FC2754300C5E113 /* Release */,
			);
			defaultConfigurationIsVisible = 0;
			defaultConfigurationName = Release;
		};
		0F60E9EA1FC2754300C5E113 /* Build configuration list for PBXNativeTarget "lingzhiUITests" */ = {
			isa = XCConfigurationList;
			buildConfigurations = (
				0F60E9EB1FC2754300C5E113 /* Debug */,
				0F60E9EC1FC2754300C5E113 /* Release */,
			);
			defaultConfigurationIsVisible = 0;
			defaultConfigurationName = Release;
		};
/* End XCConfigurationList section */
	};
	rootObject = 0F60E9B01FC2754300C5E113 /* Project object */;
}
