// !$*UTF8*$!
{
	archiveVersion = 1;
	classes = {
	};
	objectVersion = 48;
	objects = {

/* Begin PBXBuildFile section */
		0F298E4F1FC28AF600EDBA9A /* CoreLocation.framework in Frameworks */ = {isa = PBXBuildFile; fileRef = 0F298E4E1FC28AF600EDBA9A /* CoreLocation.framework */; };
		0F298E521FC2CA7200EDBA9A /* GLD_BaseNavController.m in Sources */ = {isa = PBXBuildFile; fileRef = 0F298E511FC2CA7200EDBA9A /* GLD_BaseNavController.m */; };
		0F298E7A1FC2CFC200EDBA9A /* CAToast.m in Sources */ = {isa = PBXBuildFile; fileRef = 0F298E591FC2CFC200EDBA9A /* CAToast.m */; };
		0F298E7B1FC2CFC200EDBA9A /* GLD_CarouselCell.m in Sources */ = {isa = PBXBuildFile; fileRef = 0F298E5D1FC2CFC200EDBA9A /* GLD_CarouselCell.m */; };
		0F298E7C1FC2CFC200EDBA9A /* GLD_CarouselModel.m in Sources */ = {isa = PBXBuildFile; fileRef = 0F298E5F1FC2CFC200EDBA9A /* GLD_CarouselModel.m */; };
		0F298E7D1FC2CFC200EDBA9A /* GLD_ImageCarouselView.m in Sources */ = {isa = PBXBuildFile; fileRef = 0F298E611FC2CFC200EDBA9A /* GLD_ImageCarouselView.m */; };
		0F298E7E1FC2CFC200EDBA9A /* LQXSwitch.m in Sources */ = {isa = PBXBuildFile; fileRef = 0F298E631FC2CFC200EDBA9A /* LQXSwitch.m */; };
		0F298E7F1FC2CFC200EDBA9A /* OCPublicEngine.m in Sources */ = {isa = PBXBuildFile; fileRef = 0F298E651FC2CFC200EDBA9A /* OCPublicEngine.m */; };
		0F298E821FC2CFC200EDBA9A /* MTShareModule.m in Sources */ = {isa = PBXBuildFile; fileRef = 0F298E6D1FC2CFC200EDBA9A /* MTShareModule.m */; };
		0F298E831FC2CFC200EDBA9A /* MTShareView.m in Sources */ = {isa = PBXBuildFile; fileRef = 0F298E6F1FC2CFC200EDBA9A /* MTShareView.m */; };
		0F298E841FC2CFC200EDBA9A /* MTShareView.xib in Resources */ = {isa = PBXBuildFile; fileRef = 0F298E701FC2CFC200EDBA9A /* MTShareView.xib */; };
		0F298E851FC2CFC200EDBA9A /* UIDevice+DeviceMode.m in Sources */ = {isa = PBXBuildFile; fileRef = 0F298E721FC2CFC200EDBA9A /* UIDevice+DeviceMode.m */; };
		0F298E861FC2CFC200EDBA9A /* UILabel+StringFrame.m in Sources */ = {isa = PBXBuildFile; fileRef = 0F298E741FC2CFC200EDBA9A /* UILabel+StringFrame.m */; };
		0F298E871FC2CFC200EDBA9A /* WTFont.m in Sources */ = {isa = PBXBuildFile; fileRef = 0F298E771FC2CFC200EDBA9A /* WTFont.m */; };
		0F298E881FC2CFC200EDBA9A /* YXUniversal.m in Sources */ = {isa = PBXBuildFile; fileRef = 0F298E791FC2CFC200EDBA9A /* YXUniversal.m */; };
		0F298E8B1FC2CFD000EDBA9A /* UINavigationController+FDFullscreenPopGesture.m in Sources */ = {isa = PBXBuildFile; fileRef = 0F298E891FC2CFD000EDBA9A /* UINavigationController+FDFullscreenPopGesture.m */; };
		0F298EA31FC2D18600EDBA9A /* TencentOpenAPI.framework in Frameworks */ = {isa = PBXBuildFile; fileRef = 0F298E8E1FC2D18600EDBA9A /* TencentOpenAPI.framework */; };
		0F298EA41FC2D18600EDBA9A /* TencentOpenApi_IOS_Bundle.bundle in Resources */ = {isa = PBXBuildFile; fileRef = 0F298E8F1FC2D18600EDBA9A /* TencentOpenApi_IOS_Bundle.bundle */; };
		0F298EA51FC2D18600EDBA9A /* libWeChatSDK.a in Frameworks */ = {isa = PBXBuildFile; fileRef = 0F298E911FC2D18600EDBA9A /* libWeChatSDK.a */; };
		0F298EA61FC2D18600EDBA9A /* read_me.txt in Resources */ = {isa = PBXBuildFile; fileRef = 0F298E921FC2D18600EDBA9A /* read_me.txt */; };
		0F298EA71FC2D18600EDBA9A /* libWeiboSDK.a in Frameworks */ = {isa = PBXBuildFile; fileRef = 0F298E971FC2D18600EDBA9A /* libWeiboSDK.a */; };
		0F298EA81FC2D18600EDBA9A /* WeiboSDK.bundle in Resources */ = {isa = PBXBuildFile; fileRef = 0F298EA01FC2D18600EDBA9A /* WeiboSDK.bundle */; };
		0F298EAD1FC2DA9600EDBA9A /* UserNotifications.framework in Frameworks */ = {isa = PBXBuildFile; fileRef = 0F298EAC1FC2DA9600EDBA9A /* UserNotifications.framework */; };
		0F298EAF1FC2DAA100EDBA9A /* AdSupport.framework in Frameworks */ = {isa = PBXBuildFile; fileRef = 0F298EAE1FC2DAA000EDBA9A /* AdSupport.framework */; };
		0F298EB11FC2DAAF00EDBA9A /* libz.tbd in Frameworks */ = {isa = PBXBuildFile; fileRef = 0F298EB01FC2DAAF00EDBA9A /* libz.tbd */; };
		0F298EB31FC2DABA00EDBA9A /* Security.framework in Frameworks */ = {isa = PBXBuildFile; fileRef = 0F298EB21FC2DABA00EDBA9A /* Security.framework */; };
		0F298EB51FC2DAC600EDBA9A /* Foundation.framework in Frameworks */ = {isa = PBXBuildFile; fileRef = 0F298EB41FC2DAC600EDBA9A /* Foundation.framework */; };
		0F298EB71FC2DAE100EDBA9A /* CoreGraphics.framework in Frameworks */ = {isa = PBXBuildFile; fileRef = 0F298EB61FC2DAE100EDBA9A /* CoreGraphics.framework */; };
		0F298EB91FC2DAFA00EDBA9A /* SystemConfiguration.framework in Frameworks */ = {isa = PBXBuildFile; fileRef = 0F298EB81FC2DAFA00EDBA9A /* SystemConfiguration.framework */; };
		0F298EBB1FC2DB0D00EDBA9A /* CoreTelephony.framework in Frameworks */ = {isa = PBXBuildFile; fileRef = 0F298EBA1FC2DB0D00EDBA9A /* CoreTelephony.framework */; };
		0F298EBD1FC2DB1A00EDBA9A /* CoreFoundation.framework in Frameworks */ = {isa = PBXBuildFile; fileRef = 0F298EBC1FC2DB1900EDBA9A /* CoreFoundation.framework */; };
		0F298EBF1FC2DB2900EDBA9A /* CFNetwork.framework in Frameworks */ = {isa = PBXBuildFile; fileRef = 0F298EBE1FC2DB2800EDBA9A /* CFNetwork.framework */; };
		0F298EC11FC2DB3D00EDBA9A /* libstdc++.6.tbd in Frameworks */ = {isa = PBXBuildFile; fileRef = 0F298EC01FC2DB3D00EDBA9A /* libstdc++.6.tbd */; };
		0F298EC31FC2DB4C00EDBA9A /* libstdc++.tbd in Frameworks */ = {isa = PBXBuildFile; fileRef = 0F298EC21FC2DB4C00EDBA9A /* libstdc++.tbd */; };
		0F298EC51FC2DB7B00EDBA9A /* libsqlite3.0.tbd in Frameworks */ = {isa = PBXBuildFile; fileRef = 0F298EC41FC2DB7B00EDBA9A /* libsqlite3.0.tbd */; };
		0F298EC71FC2DB8800EDBA9A /* libz.1.tbd in Frameworks */ = {isa = PBXBuildFile; fileRef = 0F298EC61FC2DB8800EDBA9A /* libz.1.tbd */; };
		0F298EC91FC2DB9700EDBA9A /* libresolv.9.tbd in Frameworks */ = {isa = PBXBuildFile; fileRef = 0F298EC81FC2DB9700EDBA9A /* libresolv.9.tbd */; };
		0F298ECB1FC2DBD800EDBA9A /* libiconv.tbd in Frameworks */ = {isa = PBXBuildFile; fileRef = 0F298ECA1FC2DBD800EDBA9A /* libiconv.tbd */; };
		0F298ECD1FC2DC3000EDBA9A /* libxml2.2.tbd in Frameworks */ = {isa = PBXBuildFile; fileRef = 0F298ECC1FC2DC3000EDBA9A /* libxml2.2.tbd */; };
		0F60E9C01FC2754300C5E113 /* ViewController.m in Sources */ = {isa = PBXBuildFile; fileRef = 0F60E9BF1FC2754300C5E113 /* ViewController.m */; };
		0F60E9C31FC2754300C5E113 /* Main.storyboard in Resources */ = {isa = PBXBuildFile; fileRef = 0F60E9C11FC2754300C5E113 /* Main.storyboard */; };
		0F60E9C51FC2754300C5E113 /* Assets.xcassets in Resources */ = {isa = PBXBuildFile; fileRef = 0F60E9C41FC2754300C5E113 /* Assets.xcassets */; };
		0F60E9C81FC2754300C5E113 /* LaunchScreen.storyboard in Resources */ = {isa = PBXBuildFile; fileRef = 0F60E9C61FC2754300C5E113 /* LaunchScreen.storyboard */; };
		0F60E9D51FC2754300C5E113 /* lingzhiTests.m in Sources */ = {isa = PBXBuildFile; fileRef = 0F60E9D41FC2754300C5E113 /* lingzhiTests.m */; };
		0F60E9E01FC2754300C5E113 /* lingzhiUITests.m in Sources */ = {isa = PBXBuildFile; fileRef = 0F60E9DF1FC2754300C5E113 /* lingzhiUITests.m */; };
		0F9920061FCEDDE800305DF3 /* GLD_HomeViewManager.m in Sources */ = {isa = PBXBuildFile; fileRef = 0F9920051FCEDDE800305DF3 /* GLD_HomeViewManager.m */; };
		0F99200C1FCEDEE800305DF3 /* YXFooterRefresh.m in Sources */ = {isa = PBXBuildFile; fileRef = 0F9920081FCEDEE800305DF3 /* YXFooterRefresh.m */; };
		0F99200D1FCEDEE900305DF3 /* GLD_RefreshHeader.m in Sources */ = {isa = PBXBuildFile; fileRef = 0F9920091FCEDEE800305DF3 /* GLD_RefreshHeader.m */; };
		0F9920101FCEE1AA00305DF3 /* GLD_BaseTableManager.m in Sources */ = {isa = PBXBuildFile; fileRef = 0F99200F1FCEE1AA00305DF3 /* GLD_BaseTableManager.m */; };
		0F9920151FCEEA5900305DF3 /* GLD_BannerCell.m in Sources */ = {isa = PBXBuildFile; fileRef = 0F9920141FCEEA5900305DF3 /* GLD_BannerCell.m */; };
		0F9920181FCEEFED00305DF3 /* GLD_HomeListCell.m in Sources */ = {isa = PBXBuildFile; fileRef = 0F9920171FCEEFED00305DF3 /* GLD_HomeListCell.m */; };
		0F99201B1FCEF04500305DF3 /* GLD_BaseCell.m in Sources */ = {isa = PBXBuildFile; fileRef = 0F99201A1FCEF04500305DF3 /* GLD_BaseCell.m */; };
		0F99201E1FCEF81E00305DF3 /* GLD_BusinessCell.m in Sources */ = {isa = PBXBuildFile; fileRef = 0F99201D1FCEF81E00305DF3 /* GLD_BusinessCell.m */; };
		0FB536FE1FC5887C00B0EDA6 /* LBHomeViewController.m in Sources */ = {isa = PBXBuildFile; fileRef = 0FB536DA1FC5887C00B0EDA6 /* LBHomeViewController.m */; };
		0FB536FF1FC5887C00B0EDA6 /* LBpostViewController.m in Sources */ = {isa = PBXBuildFile; fileRef = 0FB536DE1FC5887C00B0EDA6 /* LBpostViewController.m */; };
		0FB537001FC5887C00B0EDA6 /* main.m in Sources */ = {isa = PBXBuildFile; fileRef = 0FB536E21FC5887C00B0EDA6 /* main.m */; };
		0FB537011FC5887C00B0EDA6 /* AppDelegate.m in Sources */ = {isa = PBXBuildFile; fileRef = 0FB536E31FC5887C00B0EDA6 /* AppDelegate.m */; };
		0FB537021FC5887C00B0EDA6 /* LBMessageViewController.m in Sources */ = {isa = PBXBuildFile; fileRef = 0FB536E61FC5887C00B0EDA6 /* LBMessageViewController.m */; };
		0FB537031FC5887C00B0EDA6 /* LBMineViewController.m in Sources */ = {isa = PBXBuildFile; fileRef = 0FB536EB1FC5887C00B0EDA6 /* LBMineViewController.m */; };
		0FB537041FC5887C00B0EDA6 /* UIView+LBExtension.m in Sources */ = {isa = PBXBuildFile; fileRef = 0FB536EE1FC5887C00B0EDA6 /* UIView+LBExtension.m */; };
		0FB537051FC5887C00B0EDA6 /* UIImage+Image.m in Sources */ = {isa = PBXBuildFile; fileRef = 0FB536EF1FC5887C00B0EDA6 /* UIImage+Image.m */; };
		0FB537071FC5887C00B0EDA6 /* LBTabBarController.m in Sources */ = {isa = PBXBuildFile; fileRef = 0FB536F61FC5887C00B0EDA6 /* LBTabBarController.m */; };
		0FB537081FC5887C00B0EDA6 /* LBTabBar.m in Sources */ = {isa = PBXBuildFile; fileRef = 0FB536F81FC5887C00B0EDA6 /* LBTabBar.m */; };
		0FB537091FC5887C00B0EDA6 /* LBFishViewController.m in Sources */ = {isa = PBXBuildFile; fileRef = 0FB536FD1FC5887C00B0EDA6 /* LBFishViewController.m */; };
		0FB537141FC6A16500B0EDA6 /* GLD_LoginController.m in Sources */ = {isa = PBXBuildFile; fileRef = 0FB537111FC6A16500B0EDA6 /* GLD_LoginController.m */; };
		0FB537151FC6A16500B0EDA6 /* YXFlashAdViewController.m in Sources */ = {isa = PBXBuildFile; fileRef = 0FB537121FC6A16500B0EDA6 /* YXFlashAdViewController.m */; };
		0FB537181FC6A1F100B0EDA6 /* GLD_BaseViewController.m in Sources */ = {isa = PBXBuildFile; fileRef = 0FB537171FC6A1F100B0EDA6 /* GLD_BaseViewController.m */; };
		0FB5371B1FC6A25200B0EDA6 /* UserADsModel.m in Sources */ = {isa = PBXBuildFile; fileRef = 0FB5371A1FC6A25200B0EDA6 /* UserADsModel.m */; };
		0FB5371E1FC6AA7A00B0EDA6 /* WTBootPageStartViewController.m in Sources */ = {isa = PBXBuildFile; fileRef = 0FB5371C1FC6AA7900B0EDA6 /* WTBootPageStartViewController.m */; };
		0FB537211FC6B9C100B0EDA6 /* GLD_LocationHelp.m in Sources */ = {isa = PBXBuildFile; fileRef = 0FB537201FC6B9C100B0EDA6 /* GLD_LocationHelp.m */; };
		0FB537241FC6C47000B0EDA6 /* MapNavigationManager.m in Sources */ = {isa = PBXBuildFile; fileRef = 0FB537221FC6C46F00B0EDA6 /* MapNavigationManager.m */; };
		0FB537361FC6D22A00B0EDA6 /* SGQRCode.bundle in Resources */ = {isa = PBXBuildFile; fileRef = 0FB537281FC6D22900B0EDA6 /* SGQRCode.bundle */; };
		0FB537371FC6D22A00B0EDA6 /* UIImage+ImageSize.m in Sources */ = {isa = PBXBuildFile; fileRef = 0FB5372B1FC6D22900B0EDA6 /* UIImage+ImageSize.m */; };
		0FB537381FC6D22A00B0EDA6 /* SGQRCodeHelperTool.m in Sources */ = {isa = PBXBuildFile; fileRef = 0FB5372C1FC6D22900B0EDA6 /* SGQRCodeHelperTool.m */; };
		0FB537391FC6D22A00B0EDA6 /* SGQRCodeScanningView.m in Sources */ = {isa = PBXBuildFile; fileRef = 0FB5372D1FC6D22900B0EDA6 /* SGQRCodeScanningView.m */; };
		0FB5373A1FC6D22A00B0EDA6 /* SGQRCodeScanManager.m in Sources */ = {isa = PBXBuildFile; fileRef = 0FB5372E1FC6D22900B0EDA6 /* SGQRCodeScanManager.m */; };
		0FB5373B1FC6D22A00B0EDA6 /* SGQRCodeGenerateManager.m in Sources */ = {isa = PBXBuildFile; fileRef = 0FB5372F1FC6D22900B0EDA6 /* SGQRCodeGenerateManager.m */; };
		0FB5373C1FC6D22A00B0EDA6 /* SGQRCodeAlbumManager.m in Sources */ = {isa = PBXBuildFile; fileRef = 0FB537341FC6D22900B0EDA6 /* SGQRCodeAlbumManager.m */; };
		0FB537401FC7C99B00B0EDA6 /* GLD_CustomBut.m in Sources */ = {isa = PBXBuildFile; fileRef = 0FB5373F1FC7C99B00B0EDA6 /* GLD_CustomBut.m */; };
		5B3789A9B5E4EF8A0BE2141F /* libPods-lingzhiTests.a in Frameworks */ = {isa = PBXBuildFile; fileRef = DB0E180031E9F2FFDC4AE5CE /* libPods-lingzhiTests.a */; };
		64BFBA665871E50399A6E013 /* libPods-lingzhi.a in Frameworks */ = {isa = PBXBuildFile; fileRef = E9C3E6708F716104D709C04A /* libPods-lingzhi.a */; };
		F0A7198DA2A1E213B7CC7C9C /* libPods-lingzhiUITests.a in Frameworks */ = {isa = PBXBuildFile; fileRef = E906A1C335114CAF15749D10 /* libPods-lingzhiUITests.a */; };
/* End PBXBuildFile section */

/* Begin PBXContainerItemProxy section */
		0F60E9D11FC2754300C5E113 /* PBXContainerItemProxy */ = {
			isa = PBXContainerItemProxy;
			containerPortal = 0F60E9B01FC2754300C5E113 /* Project object */;
			proxyType = 1;
			remoteGlobalIDString = 0F60E9B71FC2754300C5E113;
			remoteInfo = lingzhi;
		};
		0F60E9DC1FC2754300C5E113 /* PBXContainerItemProxy */ = {
			isa = PBXContainerItemProxy;
			containerPortal = 0F60E9B01FC2754300C5E113 /* Project object */;
			proxyType = 1;
			remoteGlobalIDString = 0F60E9B71FC2754300C5E113;
			remoteInfo = lingzhi;
		};
/* End PBXContainerItemProxy section */

/* Begin PBXFileReference section */
		075C245191CB367AE2029273 /* Pods-lingzhi.release.xcconfig */ = {isa = PBXFileReference; includeInIndex = 1; lastKnownFileType = text.xcconfig; name = "Pods-lingzhi.release.xcconfig"; path = "Pods/Target Support Files/Pods-lingzhi/Pods-lingzhi.release.xcconfig"; sourceTree = "<group>"; };
		0F298E4E1FC28AF600EDBA9A /* CoreLocation.framework */ = {isa = PBXFileReference; lastKnownFileType = wrapper.framework; name = CoreLocation.framework; path = System/Library/Frameworks/CoreLocation.framework; sourceTree = SDKROOT; };
		0F298E501FC2CA7200EDBA9A /* GLD_BaseNavController.h */ = {isa = PBXFileReference; lastKnownFileType = sourcecode.c.h; path = GLD_BaseNavController.h; sourceTree = "<group>"; };
		0F298E511FC2CA7200EDBA9A /* GLD_BaseNavController.m */ = {isa = PBXFileReference; lastKnownFileType = sourcecode.c.objc; path = GLD_BaseNavController.m; sourceTree = "<group>"; };
		0F298E581FC2CFC200EDBA9A /* CAToast.h */ = {isa = PBXFileReference; fileEncoding = 4; lastKnownFileType = sourcecode.c.h; path = CAToast.h; sourceTree = "<group>"; };
		0F298E591FC2CFC200EDBA9A /* CAToast.m */ = {isa = PBXFileReference; fileEncoding = 4; lastKnownFileType = sourcecode.c.objc; path = CAToast.m; sourceTree = "<group>"; };
		0F298E5A1FC2CFC200EDBA9A /* Constants.h */ = {isa = PBXFileReference; fileEncoding = 4; lastKnownFileType = sourcecode.c.h; path = Constants.h; sourceTree = "<group>"; };
		0F298E5C1FC2CFC200EDBA9A /* GLD_CarouselCell.h */ = {isa = PBXFileReference; fileEncoding = 4; lastKnownFileType = sourcecode.c.h; path = GLD_CarouselCell.h; sourceTree = "<group>"; };
		0F298E5D1FC2CFC200EDBA9A /* GLD_CarouselCell.m */ = {isa = PBXFileReference; fileEncoding = 4; lastKnownFileType = sourcecode.c.objc; path = GLD_CarouselCell.m; sourceTree = "<group>"; };
		0F298E5E1FC2CFC200EDBA9A /* GLD_CarouselModel.h */ = {isa = PBXFileReference; fileEncoding = 4; lastKnownFileType = sourcecode.c.h; path = GLD_CarouselModel.h; sourceTree = "<group>"; };
		0F298E5F1FC2CFC200EDBA9A /* GLD_CarouselModel.m */ = {isa = PBXFileReference; fileEncoding = 4; lastKnownFileType = sourcecode.c.objc; path = GLD_CarouselModel.m; sourceTree = "<group>"; };
		0F298E601FC2CFC200EDBA9A /* GLD_ImageCarouselView.h */ = {isa = PBXFileReference; fileEncoding = 4; lastKnownFileType = sourcecode.c.h; path = GLD_ImageCarouselView.h; sourceTree = "<group>"; };
		0F298E611FC2CFC200EDBA9A /* GLD_ImageCarouselView.m */ = {isa = PBXFileReference; fileEncoding = 4; lastKnownFileType = sourcecode.c.objc; path = GLD_ImageCarouselView.m; sourceTree = "<group>"; };
		0F298E621FC2CFC200EDBA9A /* LQXSwitch.h */ = {isa = PBXFileReference; fileEncoding = 4; lastKnownFileType = sourcecode.c.h; path = LQXSwitch.h; sourceTree = "<group>"; };
		0F298E631FC2CFC200EDBA9A /* LQXSwitch.m */ = {isa = PBXFileReference; fileEncoding = 4; lastKnownFileType = sourcecode.c.objc; path = LQXSwitch.m; sourceTree = "<group>"; };
		0F298E641FC2CFC200EDBA9A /* OCPublicEngine.h */ = {isa = PBXFileReference; fileEncoding = 4; lastKnownFileType = sourcecode.c.h; path = OCPublicEngine.h; sourceTree = "<group>"; };
		0F298E651FC2CFC200EDBA9A /* OCPublicEngine.m */ = {isa = PBXFileReference; fileEncoding = 4; lastKnownFileType = sourcecode.c.objc; path = OCPublicEngine.m; sourceTree = "<group>"; };
		0F298E6C1FC2CFC200EDBA9A /* MTShareModule.h */ = {isa = PBXFileReference; fileEncoding = 4; lastKnownFileType = sourcecode.c.h; path = MTShareModule.h; sourceTree = "<group>"; };
		0F298E6D1FC2CFC200EDBA9A /* MTShareModule.m */ = {isa = PBXFileReference; fileEncoding = 4; lastKnownFileType = sourcecode.c.objc; path = MTShareModule.m; sourceTree = "<group>"; };
		0F298E6E1FC2CFC200EDBA9A /* MTShareView.h */ = {isa = PBXFileReference; fileEncoding = 4; lastKnownFileType = sourcecode.c.h; path = MTShareView.h; sourceTree = "<group>"; };
		0F298E6F1FC2CFC200EDBA9A /* MTShareView.m */ = {isa = PBXFileReference; fileEncoding = 4; lastKnownFileType = sourcecode.c.objc; path = MTShareView.m; sourceTree = "<group>"; };
		0F298E701FC2CFC200EDBA9A /* MTShareView.xib */ = {isa = PBXFileReference; fileEncoding = 4; lastKnownFileType = file.xib; path = MTShareView.xib; sourceTree = "<group>"; };
		0F298E711FC2CFC200EDBA9A /* UIDevice+DeviceMode.h */ = {isa = PBXFileReference; fileEncoding = 4; lastKnownFileType = sourcecode.c.h; path = "UIDevice+DeviceMode.h"; sourceTree = "<group>"; };
		0F298E721FC2CFC200EDBA9A /* UIDevice+DeviceMode.m */ = {isa = PBXFileReference; fileEncoding = 4; lastKnownFileType = sourcecode.c.objc; path = "UIDevice+DeviceMode.m"; sourceTree = "<group>"; };
		0F298E731FC2CFC200EDBA9A /* UILabel+StringFrame.h */ = {isa = PBXFileReference; fileEncoding = 4; lastKnownFileType = sourcecode.c.h; path = "UILabel+StringFrame.h"; sourceTree = "<group>"; };
		0F298E741FC2CFC200EDBA9A /* UILabel+StringFrame.m */ = {isa = PBXFileReference; fileEncoding = 4; lastKnownFileType = sourcecode.c.objc; path = "UILabel+StringFrame.m"; sourceTree = "<group>"; };
		0F298E761FC2CFC200EDBA9A /* WTFont.h */ = {isa = PBXFileReference; fileEncoding = 4; lastKnownFileType = sourcecode.c.h; path = WTFont.h; sourceTree = "<group>"; };
		0F298E771FC2CFC200EDBA9A /* WTFont.m */ = {isa = PBXFileReference; fileEncoding = 4; lastKnownFileType = sourcecode.c.objc; path = WTFont.m; sourceTree = "<group>"; };
		0F298E781FC2CFC200EDBA9A /* YXUniversal.h */ = {isa = PBXFileReference; fileEncoding = 4; lastKnownFileType = sourcecode.c.h; path = YXUniversal.h; sourceTree = "<group>"; };
		0F298E791FC2CFC200EDBA9A /* YXUniversal.m */ = {isa = PBXFileReference; fileEncoding = 4; lastKnownFileType = sourcecode.c.objc; path = YXUniversal.m; sourceTree = "<group>"; };
		0F298E891FC2CFD000EDBA9A /* UINavigationController+FDFullscreenPopGesture.m */ = {isa = PBXFileReference; fileEncoding = 4; lastKnownFileType = sourcecode.c.objc; path = "UINavigationController+FDFullscreenPopGesture.m"; sourceTree = "<group>"; };
		0F298E8A1FC2CFD000EDBA9A /* UINavigationController+FDFullscreenPopGesture.h */ = {isa = PBXFileReference; fileEncoding = 4; lastKnownFileType = sourcecode.c.h; path = "UINavigationController+FDFullscreenPopGesture.h"; sourceTree = "<group>"; };
		0F298E8E1FC2D18600EDBA9A /* TencentOpenAPI.framework */ = {isa = PBXFileReference; lastKnownFileType = wrapper.framework; path = TencentOpenAPI.framework; sourceTree = "<group>"; };
		0F298E8F1FC2D18600EDBA9A /* TencentOpenApi_IOS_Bundle.bundle */ = {isa = PBXFileReference; lastKnownFileType = "wrapper.plug-in"; path = TencentOpenApi_IOS_Bundle.bundle; sourceTree = "<group>"; };
		0F298E911FC2D18600EDBA9A /* libWeChatSDK.a */ = {isa = PBXFileReference; lastKnownFileType = archive.ar; path = libWeChatSDK.a; sourceTree = "<group>"; };
		0F298E921FC2D18600EDBA9A /* read_me.txt */ = {isa = PBXFileReference; fileEncoding = 4; lastKnownFileType = text; path = read_me.txt; sourceTree = "<group>"; };
		0F298E931FC2D18600EDBA9A /* WechatAuthSDK.h */ = {isa = PBXFileReference; fileEncoding = 4; lastKnownFileType = sourcecode.c.h; path = WechatAuthSDK.h; sourceTree = "<group>"; };
		0F298E941FC2D18600EDBA9A /* WXApi.h */ = {isa = PBXFileReference; fileEncoding = 4; lastKnownFileType = sourcecode.c.h; path = WXApi.h; sourceTree = "<group>"; };
		0F298E951FC2D18600EDBA9A /* WXApiObject.h */ = {isa = PBXFileReference; fileEncoding = 4; lastKnownFileType = sourcecode.c.h; path = WXApiObject.h; sourceTree = "<group>"; };
		0F298E971FC2D18600EDBA9A /* libWeiboSDK.a */ = {isa = PBXFileReference; lastKnownFileType = archive.ar; path = libWeiboSDK.a; sourceTree = "<group>"; };
		0F298E981FC2D18600EDBA9A /* WBHttpRequest+WeiboGame.h */ = {isa = PBXFileReference; fileEncoding = 4; lastKnownFileType = sourcecode.c.h; path = "WBHttpRequest+WeiboGame.h"; sourceTree = "<group>"; };
		0F298E991FC2D18600EDBA9A /* WBHttpRequest+WeiboShare.h */ = {isa = PBXFileReference; fileEncoding = 4; lastKnownFileType = sourcecode.c.h; path = "WBHttpRequest+WeiboShare.h"; sourceTree = "<group>"; };
		0F298E9A1FC2D18600EDBA9A /* WBHttpRequest+WeiboToken.h */ = {isa = PBXFileReference; fileEncoding = 4; lastKnownFileType = sourcecode.c.h; path = "WBHttpRequest+WeiboToken.h"; sourceTree = "<group>"; };
		0F298E9B1FC2D18600EDBA9A /* WBHttpRequest+WeiboUser.h */ = {isa = PBXFileReference; fileEncoding = 4; lastKnownFileType = sourcecode.c.h; path = "WBHttpRequest+WeiboUser.h"; sourceTree = "<group>"; };
		0F298E9C1FC2D18600EDBA9A /* WBHttpRequest.h */ = {isa = PBXFileReference; fileEncoding = 4; lastKnownFileType = sourcecode.c.h; path = WBHttpRequest.h; sourceTree = "<group>"; };
		0F298E9D1FC2D18600EDBA9A /* WBSDKBasicButton.h */ = {isa = PBXFileReference; fileEncoding = 4; lastKnownFileType = sourcecode.c.h; path = WBSDKBasicButton.h; sourceTree = "<group>"; };
		0F298E9E1FC2D18600EDBA9A /* WBSDKCommentButton.h */ = {isa = PBXFileReference; fileEncoding = 4; lastKnownFileType = sourcecode.c.h; path = WBSDKCommentButton.h; sourceTree = "<group>"; };
		0F298E9F1FC2D18600EDBA9A /* WBSDKRelationshipButton.h */ = {isa = PBXFileReference; fileEncoding = 4; lastKnownFileType = sourcecode.c.h; path = WBSDKRelationshipButton.h; sourceTree = "<group>"; };
		0F298EA01FC2D18600EDBA9A /* WeiboSDK.bundle */ = {isa = PBXFileReference; lastKnownFileType = "wrapper.plug-in"; path = WeiboSDK.bundle; sourceTree = "<group>"; };
		0F298EA11FC2D18600EDBA9A /* WeiboSDK.h */ = {isa = PBXFileReference; fileEncoding = 4; lastKnownFileType = sourcecode.c.h; path = WeiboSDK.h; sourceTree = "<group>"; };
		0F298EA21FC2D18600EDBA9A /* WeiboUser.h */ = {isa = PBXFileReference; fileEncoding = 4; lastKnownFileType = sourcecode.c.h; path = WeiboUser.h; sourceTree = "<group>"; };
		0F298EAB1FC2D30400EDBA9A /* PrefixHeader.pch */ = {isa = PBXFileReference; lastKnownFileType = sourcecode.c.h; path = PrefixHeader.pch; sourceTree = "<group>"; };
		0F298EAC1FC2DA9600EDBA9A /* UserNotifications.framework */ = {isa = PBXFileReference; lastKnownFileType = wrapper.framework; name = UserNotifications.framework; path = System/Library/Frameworks/UserNotifications.framework; sourceTree = SDKROOT; };
		0F298EAE1FC2DAA000EDBA9A /* AdSupport.framework */ = {isa = PBXFileReference; lastKnownFileType = wrapper.framework; name = AdSupport.framework; path = System/Library/Frameworks/AdSupport.framework; sourceTree = SDKROOT; };
		0F298EB01FC2DAAF00EDBA9A /* libz.tbd */ = {isa = PBXFileReference; lastKnownFileType = "sourcecode.text-based-dylib-definition"; name = libz.tbd; path = usr/lib/libz.tbd; sourceTree = SDKROOT; };
		0F298EB21FC2DABA00EDBA9A /* Security.framework */ = {isa = PBXFileReference; lastKnownFileType = wrapper.framework; name = Security.framework; path = System/Library/Frameworks/Security.framework; sourceTree = SDKROOT; };
		0F298EB41FC2DAC600EDBA9A /* Foundation.framework */ = {isa = PBXFileReference; lastKnownFileType = wrapper.framework; name = Foundation.framework; path = System/Library/Frameworks/Foundation.framework; sourceTree = SDKROOT; };
		0F298EB61FC2DAE100EDBA9A /* CoreGraphics.framework */ = {isa = PBXFileReference; lastKnownFileType = wrapper.framework; name = CoreGraphics.framework; path = System/Library/Frameworks/CoreGraphics.framework; sourceTree = SDKROOT; };
		0F298EB81FC2DAFA00EDBA9A /* SystemConfiguration.framework */ = {isa = PBXFileReference; lastKnownFileType = wrapper.framework; name = SystemConfiguration.framework; path = System/Library/Frameworks/SystemConfiguration.framework; sourceTree = SDKROOT; };
		0F298EBA1FC2DB0D00EDBA9A /* CoreTelephony.framework */ = {isa = PBXFileReference; lastKnownFileType = wrapper.framework; name = CoreTelephony.framework; path = System/Library/Frameworks/CoreTelephony.framework; sourceTree = SDKROOT; };
		0F298EBC1FC2DB1900EDBA9A /* CoreFoundation.framework */ = {isa = PBXFileReference; lastKnownFileType = wrapper.framework; name = CoreFoundation.framework; path = System/Library/Frameworks/CoreFoundation.framework; sourceTree = SDKROOT; };
		0F298EBE1FC2DB2800EDBA9A /* CFNetwork.framework */ = {isa = PBXFileReference; lastKnownFileType = wrapper.framework; name = CFNetwork.framework; path = System/Library/Frameworks/CFNetwork.framework; sourceTree = SDKROOT; };
		0F298EC01FC2DB3D00EDBA9A /* libstdc++.6.tbd */ = {isa = PBXFileReference; lastKnownFileType = "sourcecode.text-based-dylib-definition"; name = "libstdc++.6.tbd"; path = "usr/lib/libstdc++.6.tbd"; sourceTree = SDKROOT; };
		0F298EC21FC2DB4C00EDBA9A /* libstdc++.tbd */ = {isa = PBXFileReference; lastKnownFileType = "sourcecode.text-based-dylib-definition"; name = "libstdc++.tbd"; path = "usr/lib/libstdc++.tbd"; sourceTree = SDKROOT; };
		0F298EC41FC2DB7B00EDBA9A /* libsqlite3.0.tbd */ = {isa = PBXFileReference; lastKnownFileType = "sourcecode.text-based-dylib-definition"; name = libsqlite3.0.tbd; path = usr/lib/libsqlite3.0.tbd; sourceTree = SDKROOT; };
		0F298EC61FC2DB8800EDBA9A /* libz.1.tbd */ = {isa = PBXFileReference; lastKnownFileType = "sourcecode.text-based-dylib-definition"; name = libz.1.tbd; path = usr/lib/libz.1.tbd; sourceTree = SDKROOT; };
		0F298EC81FC2DB9700EDBA9A /* libresolv.9.tbd */ = {isa = PBXFileReference; lastKnownFileType = "sourcecode.text-based-dylib-definition"; name = libresolv.9.tbd; path = usr/lib/libresolv.9.tbd; sourceTree = SDKROOT; };
		0F298ECA1FC2DBD800EDBA9A /* libiconv.tbd */ = {isa = PBXFileReference; lastKnownFileType = "sourcecode.text-based-dylib-definition"; name = libiconv.tbd; path = usr/lib/libiconv.tbd; sourceTree = SDKROOT; };
		0F298ECC1FC2DC3000EDBA9A /* libxml2.2.tbd */ = {isa = PBXFileReference; lastKnownFileType = "sourcecode.text-based-dylib-definition"; name = libxml2.2.tbd; path = usr/lib/libxml2.2.tbd; sourceTree = SDKROOT; };
		0F60E9B81FC2754300C5E113 /* lingzhi.app */ = {isa = PBXFileReference; explicitFileType = wrapper.application; includeInIndex = 0; path = lingzhi.app; sourceTree = BUILT_PRODUCTS_DIR; };
		0F60E9BE1FC2754300C5E113 /* ViewController.h */ = {isa = PBXFileReference; lastKnownFileType = sourcecode.c.h; path = ViewController.h; sourceTree = "<group>"; };
		0F60E9BF1FC2754300C5E113 /* ViewController.m */ = {isa = PBXFileReference; lastKnownFileType = sourcecode.c.objc; path = ViewController.m; sourceTree = "<group>"; };
		0F60E9C21FC2754300C5E113 /* Base */ = {isa = PBXFileReference; lastKnownFileType = file.storyboard; name = Base; path = Base.lproj/Main.storyboard; sourceTree = "<group>"; };
		0F60E9C41FC2754300C5E113 /* Assets.xcassets */ = {isa = PBXFileReference; lastKnownFileType = folder.assetcatalog; path = Assets.xcassets; sourceTree = "<group>"; };
		0F60E9C71FC2754300C5E113 /* Base */ = {isa = PBXFileReference; lastKnownFileType = file.storyboard; name = Base; path = Base.lproj/LaunchScreen.storyboard; sourceTree = "<group>"; };
		0F60E9C91FC2754300C5E113 /* Info.plist */ = {isa = PBXFileReference; lastKnownFileType = text.plist.xml; path = Info.plist; sourceTree = "<group>"; };
		0F60E9D01FC2754300C5E113 /* lingzhiTests.xctest */ = {isa = PBXFileReference; explicitFileType = wrapper.cfbundle; includeInIndex = 0; path = lingzhiTests.xctest; sourceTree = BUILT_PRODUCTS_DIR; };
		0F60E9D41FC2754300C5E113 /* lingzhiTests.m */ = {isa = PBXFileReference; lastKnownFileType = sourcecode.c.objc; path = lingzhiTests.m; sourceTree = "<group>"; };
		0F60E9D61FC2754300C5E113 /* Info.plist */ = {isa = PBXFileReference; lastKnownFileType = text.plist.xml; path = Info.plist; sourceTree = "<group>"; };
		0F60E9DB1FC2754300C5E113 /* lingzhiUITests.xctest */ = {isa = PBXFileReference; explicitFileType = wrapper.cfbundle; includeInIndex = 0; path = lingzhiUITests.xctest; sourceTree = BUILT_PRODUCTS_DIR; };
		0F60E9DF1FC2754300C5E113 /* lingzhiUITests.m */ = {isa = PBXFileReference; lastKnownFileType = sourcecode.c.objc; path = lingzhiUITests.m; sourceTree = "<group>"; };
		0F60E9E11FC2754300C5E113 /* Info.plist */ = {isa = PBXFileReference; lastKnownFileType = text.plist.xml; path = Info.plist; sourceTree = "<group>"; };
		0F9920041FCEDDE800305DF3 /* GLD_HomeViewManager.h */ = {isa = PBXFileReference; lastKnownFileType = sourcecode.c.h; path = GLD_HomeViewManager.h; sourceTree = "<group>"; };
		0F9920051FCEDDE800305DF3 /* GLD_HomeViewManager.m */ = {isa = PBXFileReference; lastKnownFileType = sourcecode.c.objc; path = GLD_HomeViewManager.m; sourceTree = "<group>"; };
		0F9920081FCEDEE800305DF3 /* YXFooterRefresh.m */ = {isa = PBXFileReference; fileEncoding = 4; lastKnownFileType = sourcecode.c.objc; path = YXFooterRefresh.m; sourceTree = "<group>"; };
		0F9920091FCEDEE800305DF3 /* GLD_RefreshHeader.m */ = {isa = PBXFileReference; fileEncoding = 4; lastKnownFileType = sourcecode.c.objc; path = GLD_RefreshHeader.m; sourceTree = "<group>"; };
		0F99200A1FCEDEE800305DF3 /* YXFooterRefresh.h */ = {isa = PBXFileReference; fileEncoding = 4; lastKnownFileType = sourcecode.c.h; path = YXFooterRefresh.h; sourceTree = "<group>"; };
		0F99200B1FCEDEE800305DF3 /* GLD_RefreshHeader.h */ = {isa = PBXFileReference; fileEncoding = 4; lastKnownFileType = sourcecode.c.h; path = GLD_RefreshHeader.h; sourceTree = "<group>"; };
		0F99200E1FCEE1AA00305DF3 /* GLD_BaseTableManager.h */ = {isa = PBXFileReference; lastKnownFileType = sourcecode.c.h; path = GLD_BaseTableManager.h; sourceTree = "<group>"; };
		0F99200F1FCEE1AA00305DF3 /* GLD_BaseTableManager.m */ = {isa = PBXFileReference; lastKnownFileType = sourcecode.c.objc; path = GLD_BaseTableManager.m; sourceTree = "<group>"; };
		0F9920111FCEE24100305DF3 /* GLD_BaseTableManager+table_extension.h */ = {isa = PBXFileReference; lastKnownFileType = sourcecode.c.h; path = "GLD_BaseTableManager+table_extension.h"; sourceTree = "<group>"; };
		0F9920131FCEEA5900305DF3 /* GLD_BannerCell.h */ = {isa = PBXFileReference; lastKnownFileType = sourcecode.c.h; path = GLD_BannerCell.h; sourceTree = "<group>"; };
		0F9920141FCEEA5900305DF3 /* GLD_BannerCell.m */ = {isa = PBXFileReference; lastKnownFileType = sourcecode.c.objc; path = GLD_BannerCell.m; sourceTree = "<group>"; };
		0F9920161FCEEFED00305DF3 /* GLD_HomeListCell.h */ = {isa = PBXFileReference; lastKnownFileType = sourcecode.c.h; path = GLD_HomeListCell.h; sourceTree = "<group>"; };
		0F9920171FCEEFED00305DF3 /* GLD_HomeListCell.m */ = {isa = PBXFileReference; lastKnownFileType = sourcecode.c.objc; path = GLD_HomeListCell.m; sourceTree = "<group>"; };
		0F9920191FCEF04500305DF3 /* GLD_BaseCell.h */ = {isa = PBXFileReference; lastKnownFileType = sourcecode.c.h; path = GLD_BaseCell.h; sourceTree = "<group>"; };
		0F99201A1FCEF04500305DF3 /* GLD_BaseCell.m */ = {isa = PBXFileReference; lastKnownFileType = sourcecode.c.objc; path = GLD_BaseCell.m; sourceTree = "<group>"; };
		0F99201C1FCEF81E00305DF3 /* GLD_BusinessCell.h */ = {isa = PBXFileReference; lastKnownFileType = sourcecode.c.h; path = GLD_BusinessCell.h; sourceTree = "<group>"; };
		0F99201D1FCEF81E00305DF3 /* GLD_BusinessCell.m */ = {isa = PBXFileReference; lastKnownFileType = sourcecode.c.objc; path = GLD_BusinessCell.m; sourceTree = "<group>"; };
		0FB536DA1FC5887C00B0EDA6 /* LBHomeViewController.m */ = {isa = PBXFileReference; fileEncoding = 4; lastKnownFileType = sourcecode.c.objc; path = LBHomeViewController.m; sourceTree = "<group>"; };
		0FB536DB1FC5887C00B0EDA6 /* LBHomeViewController.h */ = {isa = PBXFileReference; fileEncoding = 4; lastKnownFileType = sourcecode.c.h; path = LBHomeViewController.h; sourceTree = "<group>"; };
		0FB536DE1FC5887C00B0EDA6 /* LBpostViewController.m */ = {isa = PBXFileReference; fileEncoding = 4; lastKnownFileType = sourcecode.c.objc; path = LBpostViewController.m; sourceTree = "<group>"; };
		0FB536DF1FC5887C00B0EDA6 /* LBpostViewController.h */ = {isa = PBXFileReference; fileEncoding = 4; lastKnownFileType = sourcecode.c.h; path = LBpostViewController.h; sourceTree = "<group>"; };
		0FB536E11FC5887C00B0EDA6 /* AppDelegate.h */ = {isa = PBXFileReference; fileEncoding = 4; lastKnownFileType = sourcecode.c.h; path = AppDelegate.h; sourceTree = "<group>"; };
		0FB536E21FC5887C00B0EDA6 /* main.m */ = {isa = PBXFileReference; fileEncoding = 4; lastKnownFileType = sourcecode.c.objc; path = main.m; sourceTree = "<group>"; };
		0FB536E31FC5887C00B0EDA6 /* AppDelegate.m */ = {isa = PBXFileReference; fileEncoding = 4; lastKnownFileType = sourcecode.c.objc; path = AppDelegate.m; sourceTree = "<group>"; };
		0FB536E61FC5887C00B0EDA6 /* LBMessageViewController.m */ = {isa = PBXFileReference; fileEncoding = 4; lastKnownFileType = sourcecode.c.objc; path = LBMessageViewController.m; sourceTree = "<group>"; };
		0FB536E71FC5887C00B0EDA6 /* LBMessageViewController.h */ = {isa = PBXFileReference; fileEncoding = 4; lastKnownFileType = sourcecode.c.h; path = LBMessageViewController.h; sourceTree = "<group>"; };
		0FB536EA1FC5887C00B0EDA6 /* LBMineViewController.h */ = {isa = PBXFileReference; fileEncoding = 4; lastKnownFileType = sourcecode.c.h; path = LBMineViewController.h; sourceTree = "<group>"; };
		0FB536EB1FC5887C00B0EDA6 /* LBMineViewController.m */ = {isa = PBXFileReference; fileEncoding = 4; lastKnownFileType = sourcecode.c.objc; path = LBMineViewController.m; sourceTree = "<group>"; };
		0FB536EE1FC5887C00B0EDA6 /* UIView+LBExtension.m */ = {isa = PBXFileReference; fileEncoding = 4; lastKnownFileType = sourcecode.c.objc; path = "UIView+LBExtension.m"; sourceTree = "<group>"; };
		0FB536EF1FC5887C00B0EDA6 /* UIImage+Image.m */ = {isa = PBXFileReference; fileEncoding = 4; lastKnownFileType = sourcecode.c.objc; path = "UIImage+Image.m"; sourceTree = "<group>"; };
		0FB536F01FC5887C00B0EDA6 /* UIImage+Image.h */ = {isa = PBXFileReference; fileEncoding = 4; lastKnownFileType = sourcecode.c.h; path = "UIImage+Image.h"; sourceTree = "<group>"; };
		0FB536F11FC5887C00B0EDA6 /* UIView+LBExtension.h */ = {isa = PBXFileReference; fileEncoding = 4; lastKnownFileType = sourcecode.c.h; path = "UIView+LBExtension.h"; sourceTree = "<group>"; };
		0FB536F41FC5887C00B0EDA6 /* LBTabBarController.h */ = {isa = PBXFileReference; fileEncoding = 4; lastKnownFileType = sourcecode.c.h; path = LBTabBarController.h; sourceTree = "<group>"; };
		0FB536F61FC5887C00B0EDA6 /* LBTabBarController.m */ = {isa = PBXFileReference; fileEncoding = 4; lastKnownFileType = sourcecode.c.objc; path = LBTabBarController.m; sourceTree = "<group>"; };
		0FB536F81FC5887C00B0EDA6 /* LBTabBar.m */ = {isa = PBXFileReference; fileEncoding = 4; lastKnownFileType = sourcecode.c.objc; path = LBTabBar.m; sourceTree = "<group>"; };
		0FB536F91FC5887C00B0EDA6 /* LBTabBar.h */ = {isa = PBXFileReference; fileEncoding = 4; lastKnownFileType = sourcecode.c.h; path = LBTabBar.h; sourceTree = "<group>"; };
		0FB536FC1FC5887C00B0EDA6 /* LBFishViewController.h */ = {isa = PBXFileReference; fileEncoding = 4; lastKnownFileType = sourcecode.c.h; path = LBFishViewController.h; sourceTree = "<group>"; };
		0FB536FD1FC5887C00B0EDA6 /* LBFishViewController.m */ = {isa = PBXFileReference; fileEncoding = 4; lastKnownFileType = sourcecode.c.objc; path = LBFishViewController.m; sourceTree = "<group>"; };
		0FB537101FC6A16500B0EDA6 /* YXFlashAdViewController.h */ = {isa = PBXFileReference; fileEncoding = 4; lastKnownFileType = sourcecode.c.h; path = YXFlashAdViewController.h; sourceTree = "<group>"; };
		0FB537111FC6A16500B0EDA6 /* GLD_LoginController.m */ = {isa = PBXFileReference; fileEncoding = 4; lastKnownFileType = sourcecode.c.objc; path = GLD_LoginController.m; sourceTree = "<group>"; };
		0FB537121FC6A16500B0EDA6 /* YXFlashAdViewController.m */ = {isa = PBXFileReference; fileEncoding = 4; lastKnownFileType = sourcecode.c.objc; path = YXFlashAdViewController.m; sourceTree = "<group>"; };
		0FB537131FC6A16500B0EDA6 /* GLD_LoginController.h */ = {isa = PBXFileReference; fileEncoding = 4; lastKnownFileType = sourcecode.c.h; path = GLD_LoginController.h; sourceTree = "<group>"; };
		0FB537161FC6A1F100B0EDA6 /* GLD_BaseViewController.h */ = {isa = PBXFileReference; lastKnownFileType = sourcecode.c.h; path = GLD_BaseViewController.h; sourceTree = "<group>"; };
		0FB537171FC6A1F100B0EDA6 /* GLD_BaseViewController.m */ = {isa = PBXFileReference; lastKnownFileType = sourcecode.c.objc; path = GLD_BaseViewController.m; sourceTree = "<group>"; };
		0FB537191FC6A25200B0EDA6 /* UserADsModel.h */ = {isa = PBXFileReference; lastKnownFileType = sourcecode.c.h; path = UserADsModel.h; sourceTree = "<group>"; };
		0FB5371A1FC6A25200B0EDA6 /* UserADsModel.m */ = {isa = PBXFileReference; lastKnownFileType = sourcecode.c.objc; path = UserADsModel.m; sourceTree = "<group>"; };
		0FB5371C1FC6AA7900B0EDA6 /* WTBootPageStartViewController.m */ = {isa = PBXFileReference; fileEncoding = 4; lastKnownFileType = sourcecode.c.objc; path = WTBootPageStartViewController.m; sourceTree = "<group>"; };
		0FB5371D1FC6AA7900B0EDA6 /* WTBootPageStartViewController.h */ = {isa = PBXFileReference; fileEncoding = 4; lastKnownFileType = sourcecode.c.h; path = WTBootPageStartViewController.h; sourceTree = "<group>"; };
		0FB5371F1FC6B9C100B0EDA6 /* GLD_LocationHelp.h */ = {isa = PBXFileReference; lastKnownFileType = sourcecode.c.h; path = GLD_LocationHelp.h; sourceTree = "<group>"; };
		0FB537201FC6B9C100B0EDA6 /* GLD_LocationHelp.m */ = {isa = PBXFileReference; lastKnownFileType = sourcecode.c.objc; path = GLD_LocationHelp.m; sourceTree = "<group>"; };
		0FB537221FC6C46F00B0EDA6 /* MapNavigationManager.m */ = {isa = PBXFileReference; fileEncoding = 4; lastKnownFileType = sourcecode.c.objc; path = MapNavigationManager.m; sourceTree = "<group>"; };
		0FB537231FC6C47000B0EDA6 /* MapNavigationManager.h */ = {isa = PBXFileReference; fileEncoding = 4; lastKnownFileType = sourcecode.c.h; path = MapNavigationManager.h; sourceTree = "<group>"; };
		0FB537271FC6D22900B0EDA6 /* SGQRCode.h */ = {isa = PBXFileReference; fileEncoding = 4; lastKnownFileType = sourcecode.c.h; path = SGQRCode.h; sourceTree = "<group>"; };
		0FB537281FC6D22900B0EDA6 /* SGQRCode.bundle */ = {isa = PBXFileReference; lastKnownFileType = "wrapper.plug-in"; path = SGQRCode.bundle; sourceTree = "<group>"; };
		0FB5372A1FC6D22900B0EDA6 /* UIImage+ImageSize.h */ = {isa = PBXFileReference; fileEncoding = 4; lastKnownFileType = sourcecode.c.h; path = "UIImage+ImageSize.h"; sourceTree = "<group>"; };
		0FB5372B1FC6D22900B0EDA6 /* UIImage+ImageSize.m */ = {isa = PBXFileReference; fileEncoding = 4; lastKnownFileType = sourcecode.c.objc; path = "UIImage+ImageSize.m"; sourceTree = "<group>"; };
		0FB5372C1FC6D22900B0EDA6 /* SGQRCodeHelperTool.m */ = {isa = PBXFileReference; fileEncoding = 4; lastKnownFileType = sourcecode.c.objc; path = SGQRCodeHelperTool.m; sourceTree = "<group>"; };
		0FB5372D1FC6D22900B0EDA6 /* SGQRCodeScanningView.m */ = {isa = PBXFileReference; fileEncoding = 4; lastKnownFileType = sourcecode.c.objc; path = SGQRCodeScanningView.m; sourceTree = "<group>"; };
		0FB5372E1FC6D22900B0EDA6 /* SGQRCodeScanManager.m */ = {isa = PBXFileReference; fileEncoding = 4; lastKnownFileType = sourcecode.c.objc; path = SGQRCodeScanManager.m; sourceTree = "<group>"; };
		0FB5372F1FC6D22900B0EDA6 /* SGQRCodeGenerateManager.m */ = {isa = PBXFileReference; fileEncoding = 4; lastKnownFileType = sourcecode.c.objc; path = SGQRCodeGenerateManager.m; sourceTree = "<group>"; };
		0FB537301FC6D22900B0EDA6 /* SGQRCodeAlbumManager.h */ = {isa = PBXFileReference; fileEncoding = 4; lastKnownFileType = sourcecode.c.h; path = SGQRCodeAlbumManager.h; sourceTree = "<group>"; };
		0FB537311FC6D22900B0EDA6 /* SGQRCodeHelperTool.h */ = {isa = PBXFileReference; fileEncoding = 4; lastKnownFileType = sourcecode.c.h; path = SGQRCodeHelperTool.h; sourceTree = "<group>"; };
		0FB537321FC6D22900B0EDA6 /* SGQRCodeScanningView.h */ = {isa = PBXFileReference; fileEncoding = 4; lastKnownFileType = sourcecode.c.h; path = SGQRCodeScanningView.h; sourceTree = "<group>"; };
		0FB537331FC6D22900B0EDA6 /* SGQRCodeScanManager.h */ = {isa = PBXFileReference; fileEncoding = 4; lastKnownFileType = sourcecode.c.h; path = SGQRCodeScanManager.h; sourceTree = "<group>"; };
		0FB537341FC6D22900B0EDA6 /* SGQRCodeAlbumManager.m */ = {isa = PBXFileReference; fileEncoding = 4; lastKnownFileType = sourcecode.c.objc; path = SGQRCodeAlbumManager.m; sourceTree = "<group>"; };
		0FB537351FC6D22900B0EDA6 /* SGQRCodeGenerateManager.h */ = {isa = PBXFileReference; fileEncoding = 4; lastKnownFileType = sourcecode.c.h; path = SGQRCodeGenerateManager.h; sourceTree = "<group>"; };
		0FB5373E1FC7C99B00B0EDA6 /* GLD_CustomBut.h */ = {isa = PBXFileReference; lastKnownFileType = sourcecode.c.h; path = GLD_CustomBut.h; sourceTree = "<group>"; };
		0FB5373F1FC7C99B00B0EDA6 /* GLD_CustomBut.m */ = {isa = PBXFileReference; lastKnownFileType = sourcecode.c.objc; path = GLD_CustomBut.m; sourceTree = "<group>"; };
		2AFF7DFDC2A100A721211A54 /* Pods-lingzhiUITests.release.xcconfig */ = {isa = PBXFileReference; includeInIndex = 1; lastKnownFileType = text.xcconfig; name = "Pods-lingzhiUITests.release.xcconfig"; path = "Pods/Target Support Files/Pods-lingzhiUITests/Pods-lingzhiUITests.release.xcconfig"; sourceTree = "<group>"; };
		98830999E513C9AF0ABA2FD1 /* Pods-lingzhiTests.debug.xcconfig */ = {isa = PBXFileReference; includeInIndex = 1; lastKnownFileType = text.xcconfig; name = "Pods-lingzhiTests.debug.xcconfig"; path = "Pods/Target Support Files/Pods-lingzhiTests/Pods-lingzhiTests.debug.xcconfig"; sourceTree = "<group>"; };
		B71A964312F2EC99F300DABB /* Pods-lingzhi.debug.xcconfig */ = {isa = PBXFileReference; includeInIndex = 1; lastKnownFileType = text.xcconfig; name = "Pods-lingzhi.debug.xcconfig"; path = "Pods/Target Support Files/Pods-lingzhi/Pods-lingzhi.debug.xcconfig"; sourceTree = "<group>"; };
		D0DF7C5179224BE30523DC09 /* Pods-lingzhiTests.release.xcconfig */ = {isa = PBXFileReference; includeInIndex = 1; lastKnownFileType = text.xcconfig; name = "Pods-lingzhiTests.release.xcconfig"; path = "Pods/Target Support Files/Pods-lingzhiTests/Pods-lingzhiTests.release.xcconfig"; sourceTree = "<group>"; };
		DB0E180031E9F2FFDC4AE5CE /* libPods-lingzhiTests.a */ = {isa = PBXFileReference; explicitFileType = archive.ar; includeInIndex = 0; path = "libPods-lingzhiTests.a"; sourceTree = BUILT_PRODUCTS_DIR; };
		E906A1C335114CAF15749D10 /* libPods-lingzhiUITests.a */ = {isa = PBXFileReference; explicitFileType = archive.ar; includeInIndex = 0; path = "libPods-lingzhiUITests.a"; sourceTree = BUILT_PRODUCTS_DIR; };
		E9C3E6708F716104D709C04A /* libPods-lingzhi.a */ = {isa = PBXFileReference; explicitFileType = archive.ar; includeInIndex = 0; path = "libPods-lingzhi.a"; sourceTree = BUILT_PRODUCTS_DIR; };
		FDF9FACA0E06CB5C935289EC /* Pods-lingzhiUITests.debug.xcconfig */ = {isa = PBXFileReference; includeInIndex = 1; lastKnownFileType = text.xcconfig; name = "Pods-lingzhiUITests.debug.xcconfig"; path = "Pods/Target Support Files/Pods-lingzhiUITests/Pods-lingzhiUITests.debug.xcconfig"; sourceTree = "<group>"; };
/* End PBXFileReference section */

/* Begin PBXFrameworksBuildPhase section */
		0F60E9B51FC2754300C5E113 /* Frameworks */ = {
			isa = PBXFrameworksBuildPhase;
			buildActionMask = 2147483647;
			files = (
				0F298ECD1FC2DC3000EDBA9A /* libxml2.2.tbd in Frameworks */,
				0F298ECB1FC2DBD800EDBA9A /* libiconv.tbd in Frameworks */,
				0F298EC91FC2DB9700EDBA9A /* libresolv.9.tbd in Frameworks */,
				0F298EC71FC2DB8800EDBA9A /* libz.1.tbd in Frameworks */,
				0F298EC51FC2DB7B00EDBA9A /* libsqlite3.0.tbd in Frameworks */,
				0F298EC31FC2DB4C00EDBA9A /* libstdc++.tbd in Frameworks */,
				0F298EC11FC2DB3D00EDBA9A /* libstdc++.6.tbd in Frameworks */,
				0F298EBF1FC2DB2900EDBA9A /* CFNetwork.framework in Frameworks */,
				0F298EBD1FC2DB1A00EDBA9A /* CoreFoundation.framework in Frameworks */,
				0F298EBB1FC2DB0D00EDBA9A /* CoreTelephony.framework in Frameworks */,
				0F298EB91FC2DAFA00EDBA9A /* SystemConfiguration.framework in Frameworks */,
				0F298EB71FC2DAE100EDBA9A /* CoreGraphics.framework in Frameworks */,
				0F298EB51FC2DAC600EDBA9A /* Foundation.framework in Frameworks */,
				0F298EB31FC2DABA00EDBA9A /* Security.framework in Frameworks */,
				0F298EB11FC2DAAF00EDBA9A /* libz.tbd in Frameworks */,
				0F298EAF1FC2DAA100EDBA9A /* AdSupport.framework in Frameworks */,
				0F298EAD1FC2DA9600EDBA9A /* UserNotifications.framework in Frameworks */,
				0F298E4F1FC28AF600EDBA9A /* CoreLocation.framework in Frameworks */,
				0F298EA31FC2D18600EDBA9A /* TencentOpenAPI.framework in Frameworks */,
				0F298EA51FC2D18600EDBA9A /* libWeChatSDK.a in Frameworks */,
				0F298EA71FC2D18600EDBA9A /* libWeiboSDK.a in Frameworks */,
				64BFBA665871E50399A6E013 /* libPods-lingzhi.a in Frameworks */,
			);
			runOnlyForDeploymentPostprocessing = 0;
		};
		0F60E9CD1FC2754300C5E113 /* Frameworks */ = {
			isa = PBXFrameworksBuildPhase;
			buildActionMask = 2147483647;
			files = (
				5B3789A9B5E4EF8A0BE2141F /* libPods-lingzhiTests.a in Frameworks */,
			);
			runOnlyForDeploymentPostprocessing = 0;
		};
		0F60E9D81FC2754300C5E113 /* Frameworks */ = {
			isa = PBXFrameworksBuildPhase;
			buildActionMask = 2147483647;
			files = (
				F0A7198DA2A1E213B7CC7C9C /* libPods-lingzhiUITests.a in Frameworks */,
			);
			runOnlyForDeploymentPostprocessing = 0;
		};
/* End PBXFrameworksBuildPhase section */

/* Begin PBXGroup section */
		0F298E4D1FC28AF500EDBA9A /* Frameworks */ = {
			isa = PBXGroup;
			children = (
				0F298ECC1FC2DC3000EDBA9A /* libxml2.2.tbd */,
				0F298ECA1FC2DBD800EDBA9A /* libiconv.tbd */,
				0F298EC81FC2DB9700EDBA9A /* libresolv.9.tbd */,
				0F298EC61FC2DB8800EDBA9A /* libz.1.tbd */,
				0F298EC41FC2DB7B00EDBA9A /* libsqlite3.0.tbd */,
				0F298EC21FC2DB4C00EDBA9A /* libstdc++.tbd */,
				0F298EC01FC2DB3D00EDBA9A /* libstdc++.6.tbd */,
				0F298EBE1FC2DB2800EDBA9A /* CFNetwork.framework */,
				0F298EBC1FC2DB1900EDBA9A /* CoreFoundation.framework */,
				0F298EBA1FC2DB0D00EDBA9A /* CoreTelephony.framework */,
				0F298EB81FC2DAFA00EDBA9A /* SystemConfiguration.framework */,
				0F298EB61FC2DAE100EDBA9A /* CoreGraphics.framework */,
				0F298EB41FC2DAC600EDBA9A /* Foundation.framework */,
				0F298EB21FC2DABA00EDBA9A /* Security.framework */,
				0F298EB01FC2DAAF00EDBA9A /* libz.tbd */,
				0F298EAE1FC2DAA000EDBA9A /* AdSupport.framework */,
				0F298EAC1FC2DA9600EDBA9A /* UserNotifications.framework */,
				0F298E4E1FC28AF600EDBA9A /* CoreLocation.framework */,
				E9C3E6708F716104D709C04A /* libPods-lingzhi.a */,
				DB0E180031E9F2FFDC4AE5CE /* libPods-lingzhiTests.a */,
				E906A1C335114CAF15749D10 /* libPods-lingzhiUITests.a */,
			);
			name = Frameworks;
			sourceTree = "<group>";
		};
		0F298E561FC2CB5800EDBA9A /* baseVC */ = {
			isa = PBXGroup;
			children = (
				0F298E501FC2CA7200EDBA9A /* GLD_BaseNavController.h */,
				0F298E511FC2CA7200EDBA9A /* GLD_BaseNavController.m */,
				0FB537161FC6A1F100B0EDA6 /* GLD_BaseViewController.h */,
				0FB537171FC6A1F100B0EDA6 /* GLD_BaseViewController.m */,
				0F298E8A1FC2CFD000EDBA9A /* UINavigationController+FDFullscreenPopGesture.h */,
				0F298E891FC2CFD000EDBA9A /* UINavigationController+FDFullscreenPopGesture.m */,
				0F99200E1FCEE1AA00305DF3 /* GLD_BaseTableManager.h */,
				0F99200F1FCEE1AA00305DF3 /* GLD_BaseTableManager.m */,
				0F9920191FCEF04500305DF3 /* GLD_BaseCell.h */,
				0F99201A1FCEF04500305DF3 /* GLD_BaseCell.m */,
				0F9920111FCEE24100305DF3 /* GLD_BaseTableManager+table_extension.h */,
			);
			path = baseVC;
			sourceTree = "<group>";
		};
		0F298E571FC2CFC200EDBA9A /* common */ = {
			isa = PBXGroup;
			children = (
				0F9920071FCEDEE800305DF3 /* refresh */,
				0F298E581FC2CFC200EDBA9A /* CAToast.h */,
				0F298E591FC2CFC200EDBA9A /* CAToast.m */,
				0F298E5A1FC2CFC200EDBA9A /* Constants.h */,
				0F298E5B1FC2CFC200EDBA9A /* GLD_CarouselView */,
				0F298E621FC2CFC200EDBA9A /* LQXSwitch.h */,
				0F298E631FC2CFC200EDBA9A /* LQXSwitch.m */,
				0F298E641FC2CFC200EDBA9A /* OCPublicEngine.h */,
				0F298E651FC2CFC200EDBA9A /* OCPublicEngine.m */,
				0F298E6B1FC2CFC200EDBA9A /* share */,
				0F298E711FC2CFC200EDBA9A /* UIDevice+DeviceMode.h */,
				0F298E721FC2CFC200EDBA9A /* UIDevice+DeviceMode.m */,
				0F298E731FC2CFC200EDBA9A /* UILabel+StringFrame.h */,
				0F298E741FC2CFC200EDBA9A /* UILabel+StringFrame.m */,
				0F298E751FC2CFC200EDBA9A /* WTFont */,
				0F298E781FC2CFC200EDBA9A /* YXUniversal.h */,
				0F298E791FC2CFC200EDBA9A /* YXUniversal.m */,
				0FB5373E1FC7C99B00B0EDA6 /* GLD_CustomBut.h */,
				0FB5373F1FC7C99B00B0EDA6 /* GLD_CustomBut.m */,
			);
			path = common;
			sourceTree = "<group>";
		};
		0F298E5B1FC2CFC200EDBA9A /* GLD_CarouselView */ = {
			isa = PBXGroup;
			children = (
				0F298E5C1FC2CFC200EDBA9A /* GLD_CarouselCell.h */,
				0F298E5D1FC2CFC200EDBA9A /* GLD_CarouselCell.m */,
				0F298E5E1FC2CFC200EDBA9A /* GLD_CarouselModel.h */,
				0F298E5F1FC2CFC200EDBA9A /* GLD_CarouselModel.m */,
				0F298E601FC2CFC200EDBA9A /* GLD_ImageCarouselView.h */,
				0F298E611FC2CFC200EDBA9A /* GLD_ImageCarouselView.m */,
			);
			path = GLD_CarouselView;
			sourceTree = "<group>";
		};
		0F298E6B1FC2CFC200EDBA9A /* share */ = {
			isa = PBXGroup;
			children = (
				0F298E6C1FC2CFC200EDBA9A /* MTShareModule.h */,
				0F298E6D1FC2CFC200EDBA9A /* MTShareModule.m */,
				0F298E6E1FC2CFC200EDBA9A /* MTShareView.h */,
				0F298E6F1FC2CFC200EDBA9A /* MTShareView.m */,
				0F298E701FC2CFC200EDBA9A /* MTShareView.xib */,
			);
			path = share;
			sourceTree = "<group>";
		};
		0F298E751FC2CFC200EDBA9A /* WTFont */ = {
			isa = PBXGroup;
			children = (
				0F298E761FC2CFC200EDBA9A /* WTFont.h */,
				0F298E771FC2CFC200EDBA9A /* WTFont.m */,
			);
			path = WTFont;
			sourceTree = "<group>";
		};
		0F298E8C1FC2D18600EDBA9A /* ShareSDK */ = {
			isa = PBXGroup;
			children = (
				0F298E8D1FC2D18600EDBA9A /* QQ */,
				0F298E901FC2D18600EDBA9A /* WeChat */,
				0F298E961FC2D18600EDBA9A /* Weibo */,
			);
			path = ShareSDK;
			sourceTree = "<group>";
		};
		0F298E8D1FC2D18600EDBA9A /* QQ */ = {
			isa = PBXGroup;
			children = (
				0F298E8E1FC2D18600EDBA9A /* TencentOpenAPI.framework */,
				0F298E8F1FC2D18600EDBA9A /* TencentOpenApi_IOS_Bundle.bundle */,
			);
			path = QQ;
			sourceTree = "<group>";
		};
		0F298E901FC2D18600EDBA9A /* WeChat */ = {
			isa = PBXGroup;
			children = (
				0F298E911FC2D18600EDBA9A /* libWeChatSDK.a */,
				0F298E921FC2D18600EDBA9A /* read_me.txt */,
				0F298E931FC2D18600EDBA9A /* WechatAuthSDK.h */,
				0F298E941FC2D18600EDBA9A /* WXApi.h */,
				0F298E951FC2D18600EDBA9A /* WXApiObject.h */,
			);
			path = WeChat;
			sourceTree = "<group>";
		};
		0F298E961FC2D18600EDBA9A /* Weibo */ = {
			isa = PBXGroup;
			children = (
				0F298E971FC2D18600EDBA9A /* libWeiboSDK.a */,
				0F298E981FC2D18600EDBA9A /* WBHttpRequest+WeiboGame.h */,
				0F298E991FC2D18600EDBA9A /* WBHttpRequest+WeiboShare.h */,
				0F298E9A1FC2D18600EDBA9A /* WBHttpRequest+WeiboToken.h */,
				0F298E9B1FC2D18600EDBA9A /* WBHttpRequest+WeiboUser.h */,
				0F298E9C1FC2D18600EDBA9A /* WBHttpRequest.h */,
				0F298E9D1FC2D18600EDBA9A /* WBSDKBasicButton.h */,
				0F298E9E1FC2D18600EDBA9A /* WBSDKCommentButton.h */,
				0F298E9F1FC2D18600EDBA9A /* WBSDKRelationshipButton.h */,
				0F298EA01FC2D18600EDBA9A /* WeiboSDK.bundle */,
				0F298EA11FC2D18600EDBA9A /* WeiboSDK.h */,
				0F298EA21FC2D18600EDBA9A /* WeiboUser.h */,
			);
			path = Weibo;
			sourceTree = "<group>";
		};
		0F60E9AF1FC2754300C5E113 = {
			isa = PBXGroup;
			children = (
				0F60E9BA1FC2754300C5E113 /* lingzhi */,
				0F60E9D31FC2754300C5E113 /* lingzhiTests */,
				0F60E9DE1FC2754300C5E113 /* lingzhiUITests */,
				0F60E9B91FC2754300C5E113 /* Products */,
				0F298E4D1FC28AF500EDBA9A /* Frameworks */,
				C6AFF2D3FACD3485E5BAD071 /* Pods */,
			);
			sourceTree = "<group>";
		};
		0F60E9B91FC2754300C5E113 /* Products */ = {
			isa = PBXGroup;
			children = (
				0F60E9B81FC2754300C5E113 /* lingzhi.app */,
				0F60E9D01FC2754300C5E113 /* lingzhiTests.xctest */,
				0F60E9DB1FC2754300C5E113 /* lingzhiUITests.xctest */,
			);
			name = Products;
			sourceTree = "<group>";
		};
		0F60E9BA1FC2754300C5E113 /* lingzhi */ = {
			isa = PBXGroup;
			children = (
				0FB536D71FC5887C00B0EDA6 /* Classes */,
				0F60E9BE1FC2754300C5E113 /* ViewController.h */,
				0F60E9BF1FC2754300C5E113 /* ViewController.m */,
				0FB537261FC6D22900B0EDA6 /* QRCode */,
				0FB537251FC6D13600B0EDA6 /* mapAndNav */,
				0FB5370F1FC6A16500B0EDA6 /* login */,
				0F298E8C1FC2D18600EDBA9A /* ShareSDK */,
				0F298E571FC2CFC200EDBA9A /* common */,
				0F298E561FC2CB5800EDBA9A /* baseVC */,
				0F60E9C41FC2754300C5E113 /* Assets.xcassets */,
				0F60E9C61FC2754300C5E113 /* LaunchScreen.storyboard */,
				0F60E9C11FC2754300C5E113 /* Main.storyboard */,
				0F60E9C91FC2754300C5E113 /* Info.plist */,
				0F298EAB1FC2D30400EDBA9A /* PrefixHeader.pch */,
			);
			path = lingzhi;
			sourceTree = "<group>";
		};
		0F60E9D31FC2754300C5E113 /* lingzhiTests */ = {
			isa = PBXGroup;
			children = (
				0F60E9D41FC2754300C5E113 /* lingzhiTests.m */,
				0F60E9D61FC2754300C5E113 /* Info.plist */,
			);
			path = lingzhiTests;
			sourceTree = "<group>";
		};
		0F60E9DE1FC2754300C5E113 /* lingzhiUITests */ = {
			isa = PBXGroup;
			children = (
				0F60E9DF1FC2754300C5E113 /* lingzhiUITests.m */,
				0F60E9E11FC2754300C5E113 /* Info.plist */,
			);
			path = lingzhiUITests;
			sourceTree = "<group>";
		};
		0F9920071FCEDEE800305DF3 /* refresh */ = {
			isa = PBXGroup;
			children = (
				0F99200A1FCEDEE800305DF3 /* YXFooterRefresh.h */,
				0F9920081FCEDEE800305DF3 /* YXFooterRefresh.m */,
				0F99200B1FCEDEE800305DF3 /* GLD_RefreshHeader.h */,
				0F9920091FCEDEE800305DF3 /* GLD_RefreshHeader.m */,
			);
			name = refresh;
			path = lingzhi/refresh;
			sourceTree = SOURCE_ROOT;
		};
		0F9920121FCEEA0C00305DF3 /* View */ = {
			isa = PBXGroup;
			children = (
				0F9920131FCEEA5900305DF3 /* GLD_BannerCell.h */,
				0F9920141FCEEA5900305DF3 /* GLD_BannerCell.m */,
				0F9920161FCEEFED00305DF3 /* GLD_HomeListCell.h */,
				0F9920171FCEEFED00305DF3 /* GLD_HomeListCell.m */,
				0F99201C1FCEF81E00305DF3 /* GLD_BusinessCell.h */,
				0F99201D1FCEF81E00305DF3 /* GLD_BusinessCell.m */,
			);
			path = View;
			sourceTree = "<group>";
		};
		0FB536D71FC5887C00B0EDA6 /* Classes */ = {
			isa = PBXGroup;
			children = (
				0FB536D81FC5887C00B0EDA6 /* Home */,
				0FB536DC1FC5887C00B0EDA6 /* Post */,
				0FB536E01FC5887C00B0EDA6 /* Other */,
				0FB536E41FC5887C00B0EDA6 /* Message */,
				0FB536E81FC5887C00B0EDA6 /* Mine */,
				0FB536EC1FC5887C00B0EDA6 /* Main */,
				0FB536FA1FC5887C00B0EDA6 /* Fish */,
			);
			path = Classes;
			sourceTree = "<group>";
		};
		0FB536D81FC5887C00B0EDA6 /* Home */ = {
			isa = PBXGroup;
			children = (
				0F9920121FCEEA0C00305DF3 /* View */,
				0FB536D91FC5887C00B0EDA6 /* Controller */,
			);
			path = Home;
			sourceTree = "<group>";
		};
		0FB536D91FC5887C00B0EDA6 /* Controller */ = {
			isa = PBXGroup;
			children = (
				0FB536DB1FC5887C00B0EDA6 /* LBHomeViewController.h */,
				0FB536DA1FC5887C00B0EDA6 /* LBHomeViewController.m */,
				0F9920041FCEDDE800305DF3 /* GLD_HomeViewManager.h */,
				0F9920051FCEDDE800305DF3 /* GLD_HomeViewManager.m */,
			);
			path = Controller;
			sourceTree = "<group>";
		};
		0FB536DC1FC5887C00B0EDA6 /* Post */ = {
			isa = PBXGroup;
			children = (
				0FB536DD1FC5887C00B0EDA6 /* Controller */,
			);
			path = Post;
			sourceTree = "<group>";
		};
		0FB536DD1FC5887C00B0EDA6 /* Controller */ = {
			isa = PBXGroup;
			children = (
				0FB536DF1FC5887C00B0EDA6 /* LBpostViewController.h */,
				0FB536DE1FC5887C00B0EDA6 /* LBpostViewController.m */,
			);
			path = Controller;
			sourceTree = "<group>";
		};
		0FB536E01FC5887C00B0EDA6 /* Other */ = {
			isa = PBXGroup;
			children = (
				0FB536E11FC5887C00B0EDA6 /* AppDelegate.h */,
				0FB536E31FC5887C00B0EDA6 /* AppDelegate.m */,
				0FB536E21FC5887C00B0EDA6 /* main.m */,
			);
			path = Other;
			sourceTree = "<group>";
		};
		0FB536E41FC5887C00B0EDA6 /* Message */ = {
			isa = PBXGroup;
			children = (
				0FB536E51FC5887C00B0EDA6 /* Controller */,
			);
			path = Message;
			sourceTree = "<group>";
		};
		0FB536E51FC5887C00B0EDA6 /* Controller */ = {
			isa = PBXGroup;
			children = (
				0FB536E61FC5887C00B0EDA6 /* LBMessageViewController.m */,
				0FB536E71FC5887C00B0EDA6 /* LBMessageViewController.h */,
			);
			path = Controller;
			sourceTree = "<group>";
		};
		0FB536E81FC5887C00B0EDA6 /* Mine */ = {
			isa = PBXGroup;
			children = (
				0FB536E91FC5887C00B0EDA6 /* Controller */,
			);
			path = Mine;
			sourceTree = "<group>";
		};
		0FB536E91FC5887C00B0EDA6 /* Controller */ = {
			isa = PBXGroup;
			children = (
				0FB536EA1FC5887C00B0EDA6 /* LBMineViewController.h */,
				0FB536EB1FC5887C00B0EDA6 /* LBMineViewController.m */,
			);
			path = Controller;
			sourceTree = "<group>";
		};
		0FB536EC1FC5887C00B0EDA6 /* Main */ = {
			isa = PBXGroup;
			children = (
				0FB536ED1FC5887C00B0EDA6 /* Category */,
				0FB536F21FC5887C00B0EDA6 /* Controller */,
				0FB536F71FC5887C00B0EDA6 /* View */,
			);
			path = Main;
			sourceTree = "<group>";
		};
		0FB536ED1FC5887C00B0EDA6 /* Category */ = {
			isa = PBXGroup;
			children = (
				0FB536EE1FC5887C00B0EDA6 /* UIView+LBExtension.m */,
				0FB536EF1FC5887C00B0EDA6 /* UIImage+Image.m */,
				0FB536F01FC5887C00B0EDA6 /* UIImage+Image.h */,
				0FB536F11FC5887C00B0EDA6 /* UIView+LBExtension.h */,
			);
			path = Category;
			sourceTree = "<group>";
		};
		0FB536F21FC5887C00B0EDA6 /* Controller */ = {
			isa = PBXGroup;
			children = (
				0FB536F41FC5887C00B0EDA6 /* LBTabBarController.h */,
				0FB536F61FC5887C00B0EDA6 /* LBTabBarController.m */,
			);
			path = Controller;
			sourceTree = "<group>";
		};
		0FB536F71FC5887C00B0EDA6 /* View */ = {
			isa = PBXGroup;
			children = (
				0FB536F91FC5887C00B0EDA6 /* LBTabBar.h */,
				0FB536F81FC5887C00B0EDA6 /* LBTabBar.m */,
			);
			path = View;
			sourceTree = "<group>";
		};
		0FB536FA1FC5887C00B0EDA6 /* Fish */ = {
			isa = PBXGroup;
			children = (
				0FB536FB1FC5887C00B0EDA6 /* Controller */,
			);
			path = Fish;
			sourceTree = "<group>";
		};
		0FB536FB1FC5887C00B0EDA6 /* Controller */ = {
			isa = PBXGroup;
			children = (
				0FB536FC1FC5887C00B0EDA6 /* LBFishViewController.h */,
				0FB536FD1FC5887C00B0EDA6 /* LBFishViewController.m */,
			);
			path = Controller;
			sourceTree = "<group>";
		};
		0FB5370F1FC6A16500B0EDA6 /* login */ = {
			isa = PBXGroup;
			children = (
				0FB537101FC6A16500B0EDA6 /* YXFlashAdViewController.h */,
				0FB537121FC6A16500B0EDA6 /* YXFlashAdViewController.m */,
				0FB5371D1FC6AA7900B0EDA6 /* WTBootPageStartViewController.h */,
				0FB5371C1FC6AA7900B0EDA6 /* WTBootPageStartViewController.m */,
				0FB537131FC6A16500B0EDA6 /* GLD_LoginController.h */,
				0FB537111FC6A16500B0EDA6 /* GLD_LoginController.m */,
				0FB537191FC6A25200B0EDA6 /* UserADsModel.h */,
				0FB5371A1FC6A25200B0EDA6 /* UserADsModel.m */,
			);
			path = login;
			sourceTree = "<group>";
		};
		0FB537251FC6D13600B0EDA6 /* mapAndNav */ = {
			isa = PBXGroup;
			children = (
				0FB5371F1FC6B9C100B0EDA6 /* GLD_LocationHelp.h */,
				0FB537201FC6B9C100B0EDA6 /* GLD_LocationHelp.m */,
				0FB537231FC6C47000B0EDA6 /* MapNavigationManager.h */,
				0FB537221FC6C46F00B0EDA6 /* MapNavigationManager.m */,
			);
			path = mapAndNav;
			sourceTree = "<group>";
		};
		0FB537261FC6D22900B0EDA6 /* QRCode */ = {
			isa = PBXGroup;
			children = (
				0FB537271FC6D22900B0EDA6 /* SGQRCode.h */,
				0FB537281FC6D22900B0EDA6 /* SGQRCode.bundle */,
				0FB537291FC6D22900B0EDA6 /* Category */,
				0FB5372C1FC6D22900B0EDA6 /* SGQRCodeHelperTool.m */,
				0FB5372D1FC6D22900B0EDA6 /* SGQRCodeScanningView.m */,
				0FB5372E1FC6D22900B0EDA6 /* SGQRCodeScanManager.m */,
				0FB5372F1FC6D22900B0EDA6 /* SGQRCodeGenerateManager.m */,
				0FB537301FC6D22900B0EDA6 /* SGQRCodeAlbumManager.h */,
				0FB537311FC6D22900B0EDA6 /* SGQRCodeHelperTool.h */,
				0FB537321FC6D22900B0EDA6 /* SGQRCodeScanningView.h */,
				0FB537331FC6D22900B0EDA6 /* SGQRCodeScanManager.h */,
				0FB537341FC6D22900B0EDA6 /* SGQRCodeAlbumManager.m */,
				0FB537351FC6D22900B0EDA6 /* SGQRCodeGenerateManager.h */,
			);
			path = QRCode;
			sourceTree = "<group>";
		};
		0FB537291FC6D22900B0EDA6 /* Category */ = {
			isa = PBXGroup;
			children = (
				0FB5372A1FC6D22900B0EDA6 /* UIImage+ImageSize.h */,
				0FB5372B1FC6D22900B0EDA6 /* UIImage+ImageSize.m */,
			);
			path = Category;
			sourceTree = "<group>";
		};
		C6AFF2D3FACD3485E5BAD071 /* Pods */ = {
			isa = PBXGroup;
			children = (
				B71A964312F2EC99F300DABB /* Pods-lingzhi.debug.xcconfig */,
				075C245191CB367AE2029273 /* Pods-lingzhi.release.xcconfig */,
				98830999E513C9AF0ABA2FD1 /* Pods-lingzhiTests.debug.xcconfig */,
				D0DF7C5179224BE30523DC09 /* Pods-lingzhiTests.release.xcconfig */,
				FDF9FACA0E06CB5C935289EC /* Pods-lingzhiUITests.debug.xcconfig */,
				2AFF7DFDC2A100A721211A54 /* Pods-lingzhiUITests.release.xcconfig */,
			);
			name = Pods;
			sourceTree = "<group>";
		};
/* End PBXGroup section */

/* Begin PBXNativeTarget section */
		0F60E9B71FC2754300C5E113 /* lingzhi */ = {
			isa = PBXNativeTarget;
			buildConfigurationList = 0F60E9E41FC2754300C5E113 /* Build configuration list for PBXNativeTarget "lingzhi" */;
			buildPhases = (
				F142E0E7DEC155A4C84AE278 /* [CP] Check Pods Manifest.lock */,
				0F60E9B41FC2754300C5E113 /* Sources */,
				0F60E9B51FC2754300C5E113 /* Frameworks */,
				0F60E9B61FC2754300C5E113 /* Resources */,
				FADA86400EF5D1DDD674AB5E /* [CP] Embed Pods Frameworks */,
				8F0223DE778EF6B4FF153E9B /* [CP] Copy Pods Resources */,
			);
			buildRules = (
			);
			dependencies = (
			);
			name = lingzhi;
			productName = lingzhi;
			productReference = 0F60E9B81FC2754300C5E113 /* lingzhi.app */;
			productType = "com.apple.product-type.application";
		};
		0F60E9CF1FC2754300C5E113 /* lingzhiTests */ = {
			isa = PBXNativeTarget;
			buildConfigurationList = 0F60E9E71FC2754300C5E113 /* Build configuration list for PBXNativeTarget "lingzhiTests" */;
			buildPhases = (
				8F1B4D45B7E319E9703DF1BB /* [CP] Check Pods Manifest.lock */,
				0F60E9CC1FC2754300C5E113 /* Sources */,
				0F60E9CD1FC2754300C5E113 /* Frameworks */,
				0F60E9CE1FC2754300C5E113 /* Resources */,
				7BAD2FE14F8E1C19D3ECC9A3 /* [CP] Embed Pods Frameworks */,
				70AADCC75D5D931822ACD979 /* [CP] Copy Pods Resources */,
			);
			buildRules = (
			);
			dependencies = (
				0F60E9D21FC2754300C5E113 /* PBXTargetDependency */,
			);
			name = lingzhiTests;
			productName = lingzhiTests;
			productReference = 0F60E9D01FC2754300C5E113 /* lingzhiTests.xctest */;
			productType = "com.apple.product-type.bundle.unit-test";
		};
		0F60E9DA1FC2754300C5E113 /* lingzhiUITests */ = {
			isa = PBXNativeTarget;
			buildConfigurationList = 0F60E9EA1FC2754300C5E113 /* Build configuration list for PBXNativeTarget "lingzhiUITests" */;
			buildPhases = (
				D94DC4E92D4ABF0EFD569006 /* [CP] Check Pods Manifest.lock */,
				0F60E9D71FC2754300C5E113 /* Sources */,
				0F60E9D81FC2754300C5E113 /* Frameworks */,
				0F60E9D91FC2754300C5E113 /* Resources */,
				2F16972DFADCE3BA434545AC /* [CP] Embed Pods Frameworks */,
				1BB0DECA81478BC773BBE7D1 /* [CP] Copy Pods Resources */,
			);
			buildRules = (
			);
			dependencies = (
				0F60E9DD1FC2754300C5E113 /* PBXTargetDependency */,
			);
			name = lingzhiUITests;
			productName = lingzhiUITests;
			productReference = 0F60E9DB1FC2754300C5E113 /* lingzhiUITests.xctest */;
			productType = "com.apple.product-type.bundle.ui-testing";
		};
/* End PBXNativeTarget section */

/* Begin PBXProject section */
		0F60E9B01FC2754300C5E113 /* Project object */ = {
			isa = PBXProject;
			attributes = {
				LastUpgradeCheck = 0900;
				ORGANIZATIONNAME = com.lingzhi;
				TargetAttributes = {
					0F60E9B71FC2754300C5E113 = {
						CreatedOnToolsVersion = 9.0;
						ProvisioningStyle = Automatic;
					};
					0F60E9CF1FC2754300C5E113 = {
						CreatedOnToolsVersion = 9.0;
						ProvisioningStyle = Automatic;
						TestTargetID = 0F60E9B71FC2754300C5E113;
					};
					0F60E9DA1FC2754300C5E113 = {
						CreatedOnToolsVersion = 9.0;
						ProvisioningStyle = Automatic;
						TestTargetID = 0F60E9B71FC2754300C5E113;
					};
				};
			};
			buildConfigurationList = 0F60E9B31FC2754300C5E113 /* Build configuration list for PBXProject "lingzhi" */;
			compatibilityVersion = "Xcode 8.0";
			developmentRegion = en;
			hasScannedForEncodings = 0;
			knownRegions = (
				en,
				Base,
			);
			mainGroup = 0F60E9AF1FC2754300C5E113;
			productRefGroup = 0F60E9B91FC2754300C5E113 /* Products */;
			projectDirPath = "";
			projectRoot = "";
			targets = (
				0F60E9B71FC2754300C5E113 /* lingzhi */,
				0F60E9CF1FC2754300C5E113 /* lingzhiTests */,
				0F60E9DA1FC2754300C5E113 /* lingzhiUITests */,
			);
		};
/* End PBXProject section */

/* Begin PBXResourcesBuildPhase section */
		0F60E9B61FC2754300C5E113 /* Resources */ = {
			isa = PBXResourcesBuildPhase;
			buildActionMask = 2147483647;
			files = (
				0F60E9C81FC2754300C5E113 /* LaunchScreen.storyboard in Resources */,
				0F60E9C51FC2754300C5E113 /* Assets.xcassets in Resources */,
				0F60E9C31FC2754300C5E113 /* Main.storyboard in Resources */,
				0F298EA41FC2D18600EDBA9A /* TencentOpenApi_IOS_Bundle.bundle in Resources */,
				0F298EA81FC2D18600EDBA9A /* WeiboSDK.bundle in Resources */,
				0F298EA61FC2D18600EDBA9A /* read_me.txt in Resources */,
				0F298E841FC2CFC200EDBA9A /* MTShareView.xib in Resources */,
				0FB537361FC6D22A00B0EDA6 /* SGQRCode.bundle in Resources */,
			);
			runOnlyForDeploymentPostprocessing = 0;
		};
		0F60E9CE1FC2754300C5E113 /* Resources */ = {
			isa = PBXResourcesBuildPhase;
			buildActionMask = 2147483647;
			files = (
			);
			runOnlyForDeploymentPostprocessing = 0;
		};
		0F60E9D91FC2754300C5E113 /* Resources */ = {
			isa = PBXResourcesBuildPhase;
			buildActionMask = 2147483647;
			files = (
			);
			runOnlyForDeploymentPostprocessing = 0;
		};
/* End PBXResourcesBuildPhase section */

/* Begin PBXShellScriptBuildPhase section */
		1BB0DECA81478BC773BBE7D1 /* [CP] Copy Pods Resources */ = {
			isa = PBXShellScriptBuildPhase;
			buildActionMask = 2147483647;
			files = (
			);
			inputPaths = (
			);
			name = "[CP] Copy Pods Resources";
			outputPaths = (
			);
			runOnlyForDeploymentPostprocessing = 0;
			shellPath = /bin/sh;
			shellScript = "\"${SRCROOT}/Pods/Target Support Files/Pods-lingzhiUITests/Pods-lingzhiUITests-resources.sh\"\n";
			showEnvVarsInLog = 0;
		};
		2F16972DFADCE3BA434545AC /* [CP] Embed Pods Frameworks */ = {
			isa = PBXShellScriptBuildPhase;
			buildActionMask = 2147483647;
			files = (
			);
			inputPaths = (
			);
			name = "[CP] Embed Pods Frameworks";
			outputPaths = (
			);
			runOnlyForDeploymentPostprocessing = 0;
			shellPath = /bin/sh;
			shellScript = "\"${SRCROOT}/Pods/Target Support Files/Pods-lingzhiUITests/Pods-lingzhiUITests-frameworks.sh\"\n";
			showEnvVarsInLog = 0;
		};
		70AADCC75D5D931822ACD979 /* [CP] Copy Pods Resources */ = {
			isa = PBXShellScriptBuildPhase;
			buildActionMask = 2147483647;
			files = (
			);
			inputPaths = (
			);
			name = "[CP] Copy Pods Resources";
			outputPaths = (
			);
			runOnlyForDeploymentPostprocessing = 0;
			shellPath = /bin/sh;
			shellScript = "\"${SRCROOT}/Pods/Target Support Files/Pods-lingzhiTests/Pods-lingzhiTests-resources.sh\"\n";
			showEnvVarsInLog = 0;
		};
		7BAD2FE14F8E1C19D3ECC9A3 /* [CP] Embed Pods Frameworks */ = {
			isa = PBXShellScriptBuildPhase;
			buildActionMask = 2147483647;
			files = (
			);
			inputPaths = (
			);
			name = "[CP] Embed Pods Frameworks";
			outputPaths = (
			);
			runOnlyForDeploymentPostprocessing = 0;
			shellPath = /bin/sh;
			shellScript = "\"${SRCROOT}/Pods/Target Support Files/Pods-lingzhiTests/Pods-lingzhiTests-frameworks.sh\"\n";
			showEnvVarsInLog = 0;
		};
		8F0223DE778EF6B4FF153E9B /* [CP] Copy Pods Resources */ = {
			isa = PBXShellScriptBuildPhase;
			buildActionMask = 2147483647;
			files = (
			);
			inputPaths = (
				"${SRCROOT}/Pods/Target Support Files/Pods-lingzhi/Pods-lingzhi-resources.sh",
				"${PODS_ROOT}/IQKeyboardManager/IQKeyBoardManager/Resources/IQKeyboardManager.bundle",
				"${PODS_ROOT}/MJRefresh/MJRefresh/MJRefresh.bundle",
			);
			name = "[CP] Copy Pods Resources";
			outputPaths = (
				"${TARGET_BUILD_DIR}/${UNLOCALIZED_RESOURCES_FOLDER_PATH}",
			);
			runOnlyForDeploymentPostprocessing = 0;
			shellPath = /bin/sh;
			shellScript = "\"${SRCROOT}/Pods/Target Support Files/Pods-lingzhi/Pods-lingzhi-resources.sh\"\n";
			showEnvVarsInLog = 0;
		};
		8F1B4D45B7E319E9703DF1BB /* [CP] Check Pods Manifest.lock */ = {
			isa = PBXShellScriptBuildPhase;
			buildActionMask = 2147483647;
			files = (
			);
			inputPaths = (
				"${PODS_PODFILE_DIR_PATH}/Podfile.lock",
				"${PODS_ROOT}/Manifest.lock",
			);
			name = "[CP] Check Pods Manifest.lock";
			outputPaths = (
				"$(DERIVED_FILE_DIR)/Pods-lingzhiTests-checkManifestLockResult.txt",
			);
			runOnlyForDeploymentPostprocessing = 0;
			shellPath = /bin/sh;
			shellScript = "diff \"${PODS_PODFILE_DIR_PATH}/Podfile.lock\" \"${PODS_ROOT}/Manifest.lock\" > /dev/null\nif [ $? != 0 ] ; then\n    # print error to STDERR\n    echo \"error: The sandbox is not in sync with the Podfile.lock. Run 'pod install' or update your CocoaPods installation.\" >&2\n    exit 1\nfi\n# This output is used by Xcode 'outputs' to avoid re-running this script phase.\necho \"SUCCESS\" > \"${SCRIPT_OUTPUT_FILE_0}\"\n";
			showEnvVarsInLog = 0;
		};
		D94DC4E92D4ABF0EFD569006 /* [CP] Check Pods Manifest.lock */ = {
			isa = PBXShellScriptBuildPhase;
			buildActionMask = 2147483647;
			files = (
			);
			inputPaths = (
				"${PODS_PODFILE_DIR_PATH}/Podfile.lock",
				"${PODS_ROOT}/Manifest.lock",
			);
			name = "[CP] Check Pods Manifest.lock";
			outputPaths = (
				"$(DERIVED_FILE_DIR)/Pods-lingzhiUITests-checkManifestLockResult.txt",
			);
			runOnlyForDeploymentPostprocessing = 0;
			shellPath = /bin/sh;
			shellScript = "diff \"${PODS_PODFILE_DIR_PATH}/Podfile.lock\" \"${PODS_ROOT}/Manifest.lock\" > /dev/null\nif [ $? != 0 ] ; then\n    # print error to STDERR\n    echo \"error: The sandbox is not in sync with the Podfile.lock. Run 'pod install' or update your CocoaPods installation.\" >&2\n    exit 1\nfi\n# This output is used by Xcode 'outputs' to avoid re-running this script phase.\necho \"SUCCESS\" > \"${SCRIPT_OUTPUT_FILE_0}\"\n";
			showEnvVarsInLog = 0;
		};
		F142E0E7DEC155A4C84AE278 /* [CP] Check Pods Manifest.lock */ = {
			isa = PBXShellScriptBuildPhase;
			buildActionMask = 2147483647;
			files = (
			);
			inputPaths = (
				"${PODS_PODFILE_DIR_PATH}/Podfile.lock",
				"${PODS_ROOT}/Manifest.lock",
			);
			name = "[CP] Check Pods Manifest.lock";
			outputPaths = (
				"$(DERIVED_FILE_DIR)/Pods-lingzhi-checkManifestLockResult.txt",
			);
			runOnlyForDeploymentPostprocessing = 0;
			shellPath = /bin/sh;
			shellScript = "diff \"${PODS_PODFILE_DIR_PATH}/Podfile.lock\" \"${PODS_ROOT}/Manifest.lock\" > /dev/null\nif [ $? != 0 ] ; then\n    # print error to STDERR\n    echo \"error: The sandbox is not in sync with the Podfile.lock. Run 'pod install' or update your CocoaPods installation.\" >&2\n    exit 1\nfi\n# This output is used by Xcode 'outputs' to avoid re-running this script phase.\necho \"SUCCESS\" > \"${SCRIPT_OUTPUT_FILE_0}\"\n";
			showEnvVarsInLog = 0;
		};
		FADA86400EF5D1DDD674AB5E /* [CP] Embed Pods Frameworks */ = {
			isa = PBXShellScriptBuildPhase;
			buildActionMask = 2147483647;
			files = (
			);
			inputPaths = (
			);
			name = "[CP] Embed Pods Frameworks";
			outputPaths = (
			);
			runOnlyForDeploymentPostprocessing = 0;
			shellPath = /bin/sh;
			shellScript = "\"${SRCROOT}/Pods/Target Support Files/Pods-lingzhi/Pods-lingzhi-frameworks.sh\"\n";
			showEnvVarsInLog = 0;
		};
/* End PBXShellScriptBuildPhase section */

/* Begin PBXSourcesBuildPhase section */
		0F60E9B41FC2754300C5E113 /* Sources */ = {
			isa = PBXSourcesBuildPhase;
			buildActionMask = 2147483647;
			files = (
				0FB537011FC5887C00B0EDA6 /* AppDelegate.m in Sources */,
				0FB537071FC5887C00B0EDA6 /* LBTabBarController.m in Sources */,
				0FB537381FC6D22A00B0EDA6 /* SGQRCodeHelperTool.m in Sources */,
				0FB5371E1FC6AA7A00B0EDA6 /* WTBootPageStartViewController.m in Sources */,
				0F298E821FC2CFC200EDBA9A /* MTShareModule.m in Sources */,
				0F298E521FC2CA7200EDBA9A /* GLD_BaseNavController.m in Sources */,
				0F9920061FCEDDE800305DF3 /* GLD_HomeViewManager.m in Sources */,
				0FB537241FC6C47000B0EDA6 /* MapNavigationManager.m in Sources */,
				0FB537211FC6B9C100B0EDA6 /* GLD_LocationHelp.m in Sources */,
				0F298E831FC2CFC200EDBA9A /* MTShareView.m in Sources */,
				0F298E7D1FC2CFC200EDBA9A /* GLD_ImageCarouselView.m in Sources */,
				0FB537141FC6A16500B0EDA6 /* GLD_LoginController.m in Sources */,
				0F60E9C01FC2754300C5E113 /* ViewController.m in Sources */,
				0F9920101FCEE1AA00305DF3 /* GLD_BaseTableManager.m in Sources */,
				0F298E871FC2CFC200EDBA9A /* WTFont.m in Sources */,
				0FB537391FC6D22A00B0EDA6 /* SGQRCodeScanningView.m in Sources */,
				0FB5373A1FC6D22A00B0EDA6 /* SGQRCodeScanManager.m in Sources */,
				0FB537051FC5887C00B0EDA6 /* UIImage+Image.m in Sources */,
				0F9920181FCEEFED00305DF3 /* GLD_HomeListCell.m in Sources */,
				0FB537031FC5887C00B0EDA6 /* LBMineViewController.m in Sources */,
				0F298E7F1FC2CFC200EDBA9A /* OCPublicEngine.m in Sources */,
				0FB536FE1FC5887C00B0EDA6 /* LBHomeViewController.m in Sources */,
				0F298E7C1FC2CFC200EDBA9A /* GLD_CarouselModel.m in Sources */,
				0FB5373B1FC6D22A00B0EDA6 /* SGQRCodeGenerateManager.m in Sources */,
				0F298E861FC2CFC200EDBA9A /* UILabel+StringFrame.m in Sources */,
				0F298E8B1FC2CFD000EDBA9A /* UINavigationController+FDFullscreenPopGesture.m in Sources */,
				0F298E7E1FC2CFC200EDBA9A /* LQXSwitch.m in Sources */,
				0FB5371B1FC6A25200B0EDA6 /* UserADsModel.m in Sources */,
				0FB537151FC6A16500B0EDA6 /* YXFlashAdViewController.m in Sources */,
				0FB537371FC6D22A00B0EDA6 /* UIImage+ImageSize.m in Sources */,
				0F298E7A1FC2CFC200EDBA9A /* CAToast.m in Sources */,
				0F99201E1FCEF81E00305DF3 /* GLD_BusinessCell.m in Sources */,
				0F298E881FC2CFC200EDBA9A /* YXUniversal.m in Sources */,
				0FB537091FC5887C00B0EDA6 /* LBFishViewController.m in Sources */,
				0FB536FF1FC5887C00B0EDA6 /* LBpostViewController.m in Sources */,
				0FB537081FC5887C00B0EDA6 /* LBTabBar.m in Sources */,
				0F99201B1FCEF04500305DF3 /* GLD_BaseCell.m in Sources */,
				0FB537041FC5887C00B0EDA6 /* UIView+LBExtension.m in Sources */,
				0FB537181FC6A1F100B0EDA6 /* GLD_BaseViewController.m in Sources */,
				0F9920151FCEEA5900305DF3 /* GLD_BannerCell.m in Sources */,
				0F298E851FC2CFC200EDBA9A /* UIDevice+DeviceMode.m in Sources */,
				0FB537001FC5887C00B0EDA6 /* main.m in Sources */,
				0F99200D1FCEDEE900305DF3 /* GLD_RefreshHeader.m in Sources */,
				0FB5373C1FC6D22A00B0EDA6 /* SGQRCodeAlbumManager.m in Sources */,
				0FB537021FC5887C00B0EDA6 /* LBMessageViewController.m in Sources */,
				0FB537401FC7C99B00B0EDA6 /* GLD_CustomBut.m in Sources */,
				0F298E7B1FC2CFC200EDBA9A /* GLD_CarouselCell.m in Sources */,
				0F99200C1FCEDEE800305DF3 /* YXFooterRefresh.m in Sources */,
			);
			runOnlyForDeploymentPostprocessing = 0;
		};
		0F60E9CC1FC2754300C5E113 /* Sources */ = {
			isa = PBXSourcesBuildPhase;
			buildActionMask = 2147483647;
			files = (
				0F60E9D51FC2754300C5E113 /* lingzhiTests.m in Sources */,
			);
			runOnlyForDeploymentPostprocessing = 0;
		};
		0F60E9D71FC2754300C5E113 /* Sources */ = {
			isa = PBXSourcesBuildPhase;
			buildActionMask = 2147483647;
			files = (
				0F60E9E01FC2754300C5E113 /* lingzhiUITests.m in Sources */,
			);
			runOnlyForDeploymentPostprocessing = 0;
		};
/* End PBXSourcesBuildPhase section */

/* Begin PBXTargetDependency section */
		0F60E9D21FC2754300C5E113 /* PBXTargetDependency */ = {
			isa = PBXTargetDependency;
			target = 0F60E9B71FC2754300C5E113 /* lingzhi */;
			targetProxy = 0F60E9D11FC2754300C5E113 /* PBXContainerItemProxy */;
		};
		0F60E9DD1FC2754300C5E113 /* PBXTargetDependency */ = {
			isa = PBXTargetDependency;
			target = 0F60E9B71FC2754300C5E113 /* lingzhi */;
			targetProxy = 0F60E9DC1FC2754300C5E113 /* PBXContainerItemProxy */;
		};
/* End PBXTargetDependency section */

/* Begin PBXVariantGroup section */
		0F60E9C11FC2754300C5E113 /* Main.storyboard */ = {
			isa = PBXVariantGroup;
			children = (
				0F60E9C21FC2754300C5E113 /* Base */,
			);
			name = Main.storyboard;
			sourceTree = "<group>";
		};
		0F60E9C61FC2754300C5E113 /* LaunchScreen.storyboard */ = {
			isa = PBXVariantGroup;
			children = (
				0F60E9C71FC2754300C5E113 /* Base */,
			);
			name = LaunchScreen.storyboard;
			sourceTree = "<group>";
		};
/* End PBXVariantGroup section */

/* Begin XCBuildConfiguration section */
		0F60E9E21FC2754300C5E113 /* Debug */ = {
			isa = XCBuildConfiguration;
			buildSettings = {
				ALWAYS_SEARCH_USER_PATHS = NO;
				CLANG_ANALYZER_NONNULL = YES;
				CLANG_ANALYZER_NUMBER_OBJECT_CONVERSION = YES_AGGRESSIVE;
				CLANG_CXX_LANGUAGE_STANDARD = "gnu++14";
				CLANG_CXX_LIBRARY = "libc++";
				CLANG_ENABLE_MODULES = YES;
				CLANG_ENABLE_OBJC_ARC = YES;
				CLANG_WARN_BLOCK_CAPTURE_AUTORELEASING = YES;
				CLANG_WARN_BOOL_CONVERSION = YES;
				CLANG_WARN_COMMA = YES;
				CLANG_WARN_CONSTANT_CONVERSION = YES;
				CLANG_WARN_DIRECT_OBJC_ISA_USAGE = YES_ERROR;
				CLANG_WARN_DOCUMENTATION_COMMENTS = YES;
				CLANG_WARN_EMPTY_BODY = YES;
				CLANG_WARN_ENUM_CONVERSION = YES;
				CLANG_WARN_INFINITE_RECURSION = YES;
				CLANG_WARN_INT_CONVERSION = YES;
				CLANG_WARN_NON_LITERAL_NULL_CONVERSION = YES;
				CLANG_WARN_OBJC_LITERAL_CONVERSION = YES;
				CLANG_WARN_OBJC_ROOT_CLASS = YES_ERROR;
				CLANG_WARN_RANGE_LOOP_ANALYSIS = YES;
				CLANG_WARN_STRICT_PROTOTYPES = YES;
				CLANG_WARN_SUSPICIOUS_MOVE = YES;
				CLANG_WARN_UNGUARDED_AVAILABILITY = YES_AGGRESSIVE;
				CLANG_WARN_UNREACHABLE_CODE = YES;
				CLANG_WARN__DUPLICATE_METHOD_MATCH = YES;
				CODE_SIGN_IDENTITY = "iPhone Developer";
				COPY_PHASE_STRIP = NO;
				DEBUG_INFORMATION_FORMAT = dwarf;
				ENABLE_STRICT_OBJC_MSGSEND = YES;
				ENABLE_TESTABILITY = YES;
				GCC_C_LANGUAGE_STANDARD = gnu11;
				GCC_DYNAMIC_NO_PIC = NO;
				GCC_NO_COMMON_BLOCKS = YES;
				GCC_OPTIMIZATION_LEVEL = 0;
				GCC_PREPROCESSOR_DEFINITIONS = (
					"DEBUG=1",
					"$(inherited)",
				);
				GCC_WARN_64_TO_32_BIT_CONVERSION = YES;
				GCC_WARN_ABOUT_RETURN_TYPE = YES_ERROR;
				GCC_WARN_UNDECLARED_SELECTOR = YES;
				GCC_WARN_UNINITIALIZED_AUTOS = YES_AGGRESSIVE;
				GCC_WARN_UNUSED_FUNCTION = YES;
				GCC_WARN_UNUSED_VARIABLE = YES;
				IPHONEOS_DEPLOYMENT_TARGET = 11.0;
				MTL_ENABLE_DEBUG_INFO = YES;
				ONLY_ACTIVE_ARCH = YES;
				SDKROOT = iphoneos;
			};
			name = Debug;
		};
		0F60E9E31FC2754300C5E113 /* Release */ = {
			isa = XCBuildConfiguration;
			buildSettings = {
				ALWAYS_SEARCH_USER_PATHS = NO;
				CLANG_ANALYZER_NONNULL = YES;
				CLANG_ANALYZER_NUMBER_OBJECT_CONVERSION = YES_AGGRESSIVE;
				CLANG_CXX_LANGUAGE_STANDARD = "gnu++14";
				CLANG_CXX_LIBRARY = "libc++";
				CLANG_ENABLE_MODULES = YES;
				CLANG_ENABLE_OBJC_ARC = YES;
				CLANG_WARN_BLOCK_CAPTURE_AUTORELEASING = YES;
				CLANG_WARN_BOOL_CONVERSION = YES;
				CLANG_WARN_COMMA = YES;
				CLANG_WARN_CONSTANT_CONVERSION = YES;
				CLANG_WARN_DIRECT_OBJC_ISA_USAGE = YES_ERROR;
				CLANG_WARN_DOCUMENTATION_COMMENTS = YES;
				CLANG_WARN_EMPTY_BODY = YES;
				CLANG_WARN_ENUM_CONVERSION = YES;
				CLANG_WARN_INFINITE_RECURSION = YES;
				CLANG_WARN_INT_CONVERSION = YES;
				CLANG_WARN_NON_LITERAL_NULL_CONVERSION = YES;
				CLANG_WARN_OBJC_LITERAL_CONVERSION = YES;
				CLANG_WARN_OBJC_ROOT_CLASS = YES_ERROR;
				CLANG_WARN_RANGE_LOOP_ANALYSIS = YES;
				CLANG_WARN_STRICT_PROTOTYPES = YES;
				CLANG_WARN_SUSPICIOUS_MOVE = YES;
				CLANG_WARN_UNGUARDED_AVAILABILITY = YES_AGGRESSIVE;
				CLANG_WARN_UNREACHABLE_CODE = YES;
				CLANG_WARN__DUPLICATE_METHOD_MATCH = YES;
				CODE_SIGN_IDENTITY = "iPhone Developer";
				COPY_PHASE_STRIP = NO;
				DEBUG_INFORMATION_FORMAT = "dwarf-with-dsym";
				ENABLE_NS_ASSERTIONS = NO;
				ENABLE_STRICT_OBJC_MSGSEND = YES;
				GCC_C_LANGUAGE_STANDARD = gnu11;
				GCC_NO_COMMON_BLOCKS = YES;
				GCC_WARN_64_TO_32_BIT_CONVERSION = YES;
				GCC_WARN_ABOUT_RETURN_TYPE = YES_ERROR;
				GCC_WARN_UNDECLARED_SELECTOR = YES;
				GCC_WARN_UNINITIALIZED_AUTOS = YES_AGGRESSIVE;
				GCC_WARN_UNUSED_FUNCTION = YES;
				GCC_WARN_UNUSED_VARIABLE = YES;
				IPHONEOS_DEPLOYMENT_TARGET = 11.0;
				MTL_ENABLE_DEBUG_INFO = NO;
				SDKROOT = iphoneos;
				VALIDATE_PRODUCT = YES;
			};
			name = Release;
		};
		0F60E9E51FC2754300C5E113 /* Debug */ = {
			isa = XCBuildConfiguration;
			baseConfigurationReference = B71A964312F2EC99F300DABB /* Pods-lingzhi.debug.xcconfig */;
			buildSettings = {
				ASSETCATALOG_COMPILER_APPICON_NAME = AppIcon;
				CODE_SIGN_STYLE = Automatic;
				DEVELOPMENT_TEAM = 48WYF6MTZ2;
				FRAMEWORK_SEARCH_PATHS = (
					"$(inherited)",
					"$(PROJECT_DIR)/lingzhi/ShareSDK/QQ",
				);
				GCC_PREFIX_HEADER = "$(SRCROOT)/lingzhi/PrefixHeader.pch";
				INFOPLIST_FILE = lingzhi/Info.plist;
				IPHONEOS_DEPLOYMENT_TARGET = 9.0;
				LD_RUNPATH_SEARCH_PATHS = "$(inherited) @executable_path/Frameworks";
				LIBRARY_SEARCH_PATHS = (
					"$(inherited)",
					"$(PROJECT_DIR)/lingzhi/ShareSDK/WeChat",
					"$(PROJECT_DIR)/lingzhi/ShareSDK/Weibo",
				);
				PRODUCT_BUNDLE_IDENTIFIER = lingzhi.li;
				PRODUCT_NAME = "$(TARGET_NAME)";
				TARGETED_DEVICE_FAMILY = 1;
			};
			name = Debug;
		};
		0F60E9E61FC2754300C5E113 /* Release */ = {
			isa = XCBuildConfiguration;
			baseConfigurationReference = 075C245191CB367AE2029273 /* Pods-lingzhi.release.xcconfig */;
			buildSettings = {
				ASSETCATALOG_COMPILER_APPICON_NAME = AppIcon;
				CODE_SIGN_STYLE = Automatic;
				DEVELOPMENT_TEAM = 48WYF6MTZ2;
				FRAMEWORK_SEARCH_PATHS = (
					"$(inherited)",
					"$(PROJECT_DIR)/lingzhi/ShareSDK/QQ",
				);
				GCC_PREFIX_HEADER = "$(SRCROOT)/lingzhi/PrefixHeader.pch";
				INFOPLIST_FILE = lingzhi/Info.plist;
				IPHONEOS_DEPLOYMENT_TARGET = 9.0;
				LD_RUNPATH_SEARCH_PATHS = "$(inherited) @executable_path/Frameworks";
				LIBRARY_SEARCH_PATHS = (
					"$(inherited)",
					"$(PROJECT_DIR)/lingzhi/ShareSDK/WeChat",
					"$(PROJECT_DIR)/lingzhi/ShareSDK/Weibo",
				);
				PRODUCT_BUNDLE_IDENTIFIER = lingzhi.li;
				PRODUCT_NAME = "$(TARGET_NAME)";
				TARGETED_DEVICE_FAMILY = 1;
			};
			name = Release;
		};
		0F60E9E81FC2754300C5E113 /* Debug */ = {
			isa = XCBuildConfiguration;
			baseConfigurationReference = 98830999E513C9AF0ABA2FD1 /* Pods-lingzhiTests.debug.xcconfig */;
			buildSettings = {
				BUNDLE_LOADER = "$(TEST_HOST)";
				CODE_SIGN_STYLE = Automatic;
				INFOPLIST_FILE = lingzhiTests/Info.plist;
				LD_RUNPATH_SEARCH_PATHS = "$(inherited) @executable_path/Frameworks @loader_path/Frameworks";
				PRODUCT_BUNDLE_IDENTIFIER = lingzhi.lingzhiTests;
				PRODUCT_NAME = "$(TARGET_NAME)";
				TARGETED_DEVICE_FAMILY = "1,2";
				TEST_HOST = "$(BUILT_PRODUCTS_DIR)/lingzhi.app/lingzhi";
			};
			name = Debug;
		};
		0F60E9E91FC2754300C5E113 /* Release */ = {
			isa = XCBuildConfiguration;
			baseConfigurationReference = D0DF7C5179224BE30523DC09 /* Pods-lingzhiTests.release.xcconfig */;
			buildSettings = {
				BUNDLE_LOADER = "$(TEST_HOST)";
				CODE_SIGN_STYLE = Automatic;
				INFOPLIST_FILE = lingzhiTests/Info.plist;
				LD_RUNPATH_SEARCH_PATHS = "$(inherited) @executable_path/Frameworks @loader_path/Frameworks";
				PRODUCT_BUNDLE_IDENTIFIER = lingzhi.lingzhiTests;
				PRODUCT_NAME = "$(TARGET_NAME)";
				TARGETED_DEVICE_FAMILY = "1,2";
				TEST_HOST = "$(BUILT_PRODUCTS_DIR)/lingzhi.app/lingzhi";
			};
			name = Release;
		};
		0F60E9EB1FC2754300C5E113 /* Debug */ = {
			isa = XCBuildConfiguration;
			baseConfigurationReference = FDF9FACA0E06CB5C935289EC /* Pods-lingzhiUITests.debug.xcconfig */;
			buildSettings = {
				CODE_SIGN_STYLE = Automatic;
				INFOPLIST_FILE = lingzhiUITests/Info.plist;
				LD_RUNPATH_SEARCH_PATHS = "$(inherited) @executable_path/Frameworks @loader_path/Frameworks";
				PRODUCT_BUNDLE_IDENTIFIER = lingzhi.lingzhiUITests;
				PRODUCT_NAME = "$(TARGET_NAME)";
				TARGETED_DEVICE_FAMILY = "1,2";
				TEST_TARGET_NAME = lingzhi;
			};
			name = Debug;
		};
		0F60E9EC1FC2754300C5E113 /* Release */ = {
			isa = XCBuildConfiguration;
			baseConfigurationReference = 2AFF7DFDC2A100A721211A54 /* Pods-lingzhiUITests.release.xcconfig */;
			buildSettings = {
				CODE_SIGN_STYLE = Automatic;
				INFOPLIST_FILE = lingzhiUITests/Info.plist;
				LD_RUNPATH_SEARCH_PATHS = "$(inherited) @executable_path/Frameworks @loader_path/Frameworks";
				PRODUCT_BUNDLE_IDENTIFIER = lingzhi.lingzhiUITests;
				PRODUCT_NAME = "$(TARGET_NAME)";
				TARGETED_DEVICE_FAMILY = "1,2";
				TEST_TARGET_NAME = lingzhi;
			};
			name = Release;
		};
/* End XCBuildConfiguration section */

/* Begin XCConfigurationList section */
		0F60E9B31FC2754300C5E113 /* Build configuration list for PBXProject "lingzhi" */ = {
			isa = XCConfigurationList;
			buildConfigurations = (
				0F60E9E21FC2754300C5E113 /* Debug */,
				0F60E9E31FC2754300C5E113 /* Release */,
			);
			defaultConfigurationIsVisible = 0;
			defaultConfigurationName = Release;
		};
		0F60E9E41FC2754300C5E113 /* Build configuration list for PBXNativeTarget "lingzhi" */ = {
			isa = XCConfigurationList;
			buildConfigurations = (
				0F60E9E51FC2754300C5E113 /* Debug */,
				0F60E9E61FC2754300C5E113 /* Release */,
			);
			defaultConfigurationIsVisible = 0;
			defaultConfigurationName = Release;
		};
		0F60E9E71FC2754300C5E113 /* Build configuration list for PBXNativeTarget "lingzhiTests" */ = {
			isa = XCConfigurationList;
			buildConfigurations = (
				0F60E9E81FC2754300C5E113 /* Debug */,
				0F60E9E91FC2754300C5E113 /* Release */,
			);
			defaultConfigurationIsVisible = 0;
			defaultConfigurationName = Release;
		};
		0F60E9EA1FC2754300C5E113 /* Build configuration list for PBXNativeTarget "lingzhiUITests" */ = {
			isa = XCConfigurationList;
			buildConfigurations = (
				0F60E9EB1FC2754300C5E113 /* Debug */,
				0F60E9EC1FC2754300C5E113 /* Release */,
			);
			defaultConfigurationIsVisible = 0;
			defaultConfigurationName = Release;
		};
/* End XCConfigurationList section */
	};
	rootObject = 0F60E9B01FC2754300C5E113 /* Project object */;
}
